// !$*UTF8*$!
{
	archiveVersion = 1;
	classes = {
	};
	objectVersion = 46;
	objects = {

/* Begin PBXBuildFile section */
		4A5D94801CA557F1007F0660 /* SCNewsTableViewCell.m in Sources */ = {isa = PBXBuildFile; fileRef = 4A5D947F1CA557F1007F0660 /* SCNewsTableViewCell.m */; };
		4A5D94991CA63E1A007F0660 /* Jastor.m in Sources */ = {isa = PBXBuildFile; fileRef = 4A5D94961CA63E1A007F0660 /* Jastor.m */; };
		4A5D949A1CA63E1A007F0660 /* JastorRuntimeHelper.m in Sources */ = {isa = PBXBuildFile; fileRef = 4A5D94981CA63E1A007F0660 /* JastorRuntimeHelper.m */; };
		4A5D94FE1CA65B10007F0660 /* NSArryData.json in Resources */ = {isa = PBXBuildFile; fileRef = 4A5D94FD1CA65B10007F0660 /* NSArryData.json */; };
		4A5D95071CA65C14007F0660 /* GSDataDef.m in Sources */ = {isa = PBXBuildFile; fileRef = 4A5D95011CA65C13007F0660 /* GSDataDef.m */; };
		4A5D95081CA65C14007F0660 /* GSDataEngine.m in Sources */ = {isa = PBXBuildFile; fileRef = 4A5D95031CA65C14007F0660 /* GSDataEngine.m */; };
		4A5D95091CA65C14007F0660 /* GSUserSetting.m in Sources */ = {isa = PBXBuildFile; fileRef = 4A5D95061CA65C14007F0660 /* GSUserSetting.m */; };
		4A5D951A1CA65C41007F0660 /* GSErrorDef.m in Sources */ = {isa = PBXBuildFile; fileRef = 4A5D950B1CA65C41007F0660 /* GSErrorDef.m */; };
		4A5D951B1CA65C41007F0660 /* GSHTTPRequestOperationManager.m in Sources */ = {isa = PBXBuildFile; fileRef = 4A5D950D1CA65C41007F0660 /* GSHTTPRequestOperationManager.m */; };
		4A5D951C1CA65C41007F0660 /* GSHTTPTask.m in Sources */ = {isa = PBXBuildFile; fileRef = 4A5D950F1CA65C41007F0660 /* GSHTTPTask.m */; };
		4A5D951D1CA65C41007F0660 /* GSHTTPURLRequestSerializer.m in Sources */ = {isa = PBXBuildFile; fileRef = 4A5D95111CA65C41007F0660 /* GSHTTPURLRequestSerializer.m */; };
		4A5D951E1CA65C41007F0660 /* GSTask.m in Sources */ = {isa = PBXBuildFile; fileRef = 4A5D95131CA65C41007F0660 /* GSTask.m */; };
		4A5D951F1CA65C41007F0660 /* GSTaskEngine.m in Sources */ = {isa = PBXBuildFile; fileRef = 4A5D95151CA65C41007F0660 /* GSTaskEngine.m */; };
		4A5D95201CA65C41007F0660 /* GSTaskResponse.m in Sources */ = {isa = PBXBuildFile; fileRef = 4A5D95171CA65C41007F0660 /* GSTaskResponse.m */; };
		4A5D95211CA65C41007F0660 /* ORBaseHttpTask.m in Sources */ = {isa = PBXBuildFile; fileRef = 4A5D95191CA65C41007F0660 /* ORBaseHttpTask.m */; };
		4A5D95281CA65CAD007F0660 /* AppUtil.m in Sources */ = {isa = PBXBuildFile; fileRef = 4A5D95231CA65CAD007F0660 /* AppUtil.m */; };
		4A5D95291CA65CAD007F0660 /* DataUtil.m in Sources */ = {isa = PBXBuildFile; fileRef = 4A5D95251CA65CAD007F0660 /* DataUtil.m */; };
		4A5D952A1CA65CAD007F0660 /* SecurityUtil.m in Sources */ = {isa = PBXBuildFile; fileRef = 4A5D95271CA65CAD007F0660 /* SecurityUtil.m */; };
		4A5D952F1CA664AC007F0660 /* SCPictureViewModel.m in Sources */ = {isa = PBXBuildFile; fileRef = 4A5D952E1CA664AC007F0660 /* SCPictureViewModel.m */; };
		4A9512B81C9054CD002658FB /* main.m in Sources */ = {isa = PBXBuildFile; fileRef = 4A9512B71C9054CD002658FB /* main.m */; };
		4A9512BB1C9054CD002658FB /* AppDelegate.m in Sources */ = {isa = PBXBuildFile; fileRef = 4A9512BA1C9054CD002658FB /* AppDelegate.m */; };
		4A9512BE1C9054CD002658FB /* ViewController.m in Sources */ = {isa = PBXBuildFile; fileRef = 4A9512BD1C9054CD002658FB /* ViewController.m */; };
		4A9512C31C9054CD002658FB /* Assets.xcassets in Resources */ = {isa = PBXBuildFile; fileRef = 4A9512C21C9054CD002658FB /* Assets.xcassets */; };
		4A9512C61C9054CD002658FB /* LaunchScreen.storyboard in Resources */ = {isa = PBXBuildFile; fileRef = 4A9512C41C9054CD002658FB /* LaunchScreen.storyboard */; };
		4A9512D11C9054CD002658FB /* scholarsTests.m in Sources */ = {isa = PBXBuildFile; fileRef = 4A9512D01C9054CD002658FB /* scholarsTests.m */; };
		4A9512DC1C9054CD002658FB /* scholarsUITests.m in Sources */ = {isa = PBXBuildFile; fileRef = 4A9512DB1C9054CD002658FB /* scholarsUITests.m */; };
		4A9512EB1C90591D002658FB /* SCRootNavigationViewController.m in Sources */ = {isa = PBXBuildFile; fileRef = 4A9512EA1C90591D002658FB /* SCRootNavigationViewController.m */; };
		4A9512EE1C905969002658FB /* SCRootBarViewController.m in Sources */ = {isa = PBXBuildFile; fileRef = 4A9512ED1C905969002658FB /* SCRootBarViewController.m */; };
		5170B32AD66868A92D1EE638 /* libPods.a in Frameworks */ = {isa = PBXBuildFile; fileRef = DC905B201A04C14CA6E63179 /* libPods.a */; };
		DDC075001C98FBDD008DC9A3 /* Home.storyboard in Resources */ = {isa = PBXBuildFile; fileRef = DDC074FD1C98FBDD008DC9A3 /* Home.storyboard */; };
		DDC075011C98FBDD008DC9A3 /* Main.storyboard in Resources */ = {isa = PBXBuildFile; fileRef = DDC074FE1C98FBDD008DC9A3 /* Main.storyboard */; };
		DDC075021C98FBDD008DC9A3 /* Picture.storyboard in Resources */ = {isa = PBXBuildFile; fileRef = DDC074FF1C98FBDD008DC9A3 /* Picture.storyboard */; };
		DDC075091C98FC04008DC9A3 /* SCHomeViewController.m in Sources */ = {isa = PBXBuildFile; fileRef = DDC075031C98FC04008DC9A3 /* SCHomeViewController.m */; };
		DDC0750A1C98FC04008DC9A3 /* SCHotViewController.m in Sources */ = {isa = PBXBuildFile; fileRef = DDC075051C98FC04008DC9A3 /* SCHotViewController.m */; };
		DDC0750B1C98FC04008DC9A3 /* SCNewsTableViewController.m in Sources */ = {isa = PBXBuildFile; fileRef = DDC075061C98FC04008DC9A3 /* SCNewsTableViewController.m */; };
		DDC0750E1C98FC18008DC9A3 /* SCPictureTableViewController.m in Sources */ = {isa = PBXBuildFile; fileRef = DDC0750D1C98FC18008DC9A3 /* SCPictureTableViewController.m */; };
		DDC075111C98FC32008DC9A3 /* YDHotTableViewCell.m in Sources */ = {isa = PBXBuildFile; fileRef = DDC075101C98FC32008DC9A3 /* YDHotTableViewCell.m */; };
		DDC075141C98FC8E008DC9A3 /* WMLoopView.m in Sources */ = {isa = PBXBuildFile; fileRef = DDC075131C98FC8E008DC9A3 /* WMLoopView.m */; };
		DDC0752A1C98FD5B008DC9A3 /* SCPictureTableViewCell.m in Sources */ = {isa = PBXBuildFile; fileRef = DDC075291C98FD5B008DC9A3 /* SCPictureTableViewCell.m */; };
		DDC075551C9907A5008DC9A3 /* custom_1.png in Resources */ = {isa = PBXBuildFile; fileRef = DDC0754F1C9907A5008DC9A3 /* custom_1.png */; };
		DDC075561C9907A5008DC9A3 /* custom_2.png in Resources */ = {isa = PBXBuildFile; fileRef = DDC075501C9907A5008DC9A3 /* custom_2.png */; };
		DDC075571C9907A5008DC9A3 /* custom_3.png in Resources */ = {isa = PBXBuildFile; fileRef = DDC075511C9907A5008DC9A3 /* custom_3.png */; };
		DDC075581C9907A5008DC9A3 /* custom_4.png in Resources */ = {isa = PBXBuildFile; fileRef = DDC075521C9907A5008DC9A3 /* custom_4.png */; };
		DDC075591C9907A5008DC9A3 /* custom_5.png in Resources */ = {isa = PBXBuildFile; fileRef = DDC075531C9907A5008DC9A3 /* custom_5.png */; };
		DDC0755A1C9907A5008DC9A3 /* custom_center.png in Resources */ = {isa = PBXBuildFile; fileRef = DDC075541C9907A5008DC9A3 /* custom_center.png */; };
		DDC075601C9907B1008DC9A3 /* DCPathButton.m in Sources */ = {isa = PBXBuildFile; fileRef = DDC0755B1C9907B1008DC9A3 /* DCPathButton.m */; };
		DDC075611C9907B1008DC9A3 /* DCSubButton.m in Sources */ = {isa = PBXBuildFile; fileRef = DDC0755F1C9907B1008DC9A3 /* DCSubButton.m */; };
		DDC075671C9907D3008DC9A3 /* ORAppUtil.m in Sources */ = {isa = PBXBuildFile; fileRef = DDC075651C9907D3008DC9A3 /* ORAppUtil.m */; };
		DDC0756A1C9907FA008DC9A3 /* Observer.m in Sources */ = {isa = PBXBuildFile; fileRef = DDC075691C9907FA008DC9A3 /* Observer.m */; };
		DDC075711C990802008DC9A3 /* ORIndicatorView.m in Sources */ = {isa = PBXBuildFile; fileRef = DDC0756B1C990802008DC9A3 /* ORIndicatorView.m */; };
		DDC075721C990802008DC9A3 /* ORLoadingIndicator.m in Sources */ = {isa = PBXBuildFile; fileRef = DDC0756E1C990802008DC9A3 /* ORLoadingIndicator.m */; };
		DDC075731C990802008DC9A3 /* ViewUtil.m in Sources */ = {isa = PBXBuildFile; fileRef = DDC075701C990802008DC9A3 /* ViewUtil.m */; };
		DDC075781C990813008DC9A3 /* ORBaseTableViewController.m in Sources */ = {isa = PBXBuildFile; fileRef = DDC075741C990813008DC9A3 /* ORBaseTableViewController.m */; };
		DDC075791C990813008DC9A3 /* ORBaseViewController.m in Sources */ = {isa = PBXBuildFile; fileRef = DDC075751C990813008DC9A3 /* ORBaseViewController.m */; };
		DDC075801C990820008DC9A3 /* ORBaseListModel.m in Sources */ = {isa = PBXBuildFile; fileRef = DDC0757A1C990820008DC9A3 /* ORBaseListModel.m */; };
		DDC075811C990820008DC9A3 /* ORBasePageListModel.m in Sources */ = {isa = PBXBuildFile; fileRef = DDC0757B1C990820008DC9A3 /* ORBasePageListModel.m */; };
		DDC075821C990820008DC9A3 /* BaseModel.m in Sources */ = {isa = PBXBuildFile; fileRef = DDC0757D1C990820008DC9A3 /* BaseModel.m */; };
		DDC075851C99082F008DC9A3 /* ORColorUtil.m in Sources */ = {isa = PBXBuildFile; fileRef = DDC075841C99082F008DC9A3 /* ORColorUtil.m */; };
		DDC0758A1C990938008DC9A3 /* Photo.json in Resources */ = {isa = PBXBuildFile; fileRef = DDC075891C990938008DC9A3 /* Photo.json */; };
		DDD16BD91CA5281D001D533E /* SCMenuLeftViewController.m in Sources */ = {isa = PBXBuildFile; fileRef = DDD16BD81CA5281D001D533E /* SCMenuLeftViewController.m */; };
		DDD16BDB1CA5283E001D533E /* AboutMenu.storyboard in Resources */ = {isa = PBXBuildFile; fileRef = DDD16BDA1CA5283E001D533E /* AboutMenu.storyboard */; };
/* End PBXBuildFile section */

/* Begin PBXContainerItemProxy section */
		4A9512CD1C9054CD002658FB /* PBXContainerItemProxy */ = {
			isa = PBXContainerItemProxy;
			containerPortal = 4A9512AB1C9054CD002658FB /* Project object */;
			proxyType = 1;
			remoteGlobalIDString = 4A9512B21C9054CD002658FB;
			remoteInfo = scholars;
		};
		4A9512D81C9054CD002658FB /* PBXContainerItemProxy */ = {
			isa = PBXContainerItemProxy;
			containerPortal = 4A9512AB1C9054CD002658FB /* Project object */;
			proxyType = 1;
			remoteGlobalIDString = 4A9512B21C9054CD002658FB;
			remoteInfo = scholars;
		};
/* End PBXContainerItemProxy section */

/* Begin PBXFileReference section */
		4A5D947E1CA557F1007F0660 /* SCNewsTableViewCell.h */ = {isa = PBXFileReference; fileEncoding = 4; lastKnownFileType = sourcecode.c.h; name = SCNewsTableViewCell.h; path = UI/View/Home/SCNewsTableViewCell.h; sourceTree = "<group>"; };
		4A5D947F1CA557F1007F0660 /* SCNewsTableViewCell.m */ = {isa = PBXFileReference; fileEncoding = 4; lastKnownFileType = sourcecode.c.objc; name = SCNewsTableViewCell.m; path = UI/View/Home/SCNewsTableViewCell.m; sourceTree = "<group>"; };
		4A5D94951CA63E1A007F0660 /* Jastor.h */ = {isa = PBXFileReference; fileEncoding = 4; lastKnownFileType = sourcecode.c.h; name = Jastor.h; path = Other/Jastor/Jastor.h; sourceTree = "<group>"; };
		4A5D94961CA63E1A007F0660 /* Jastor.m */ = {isa = PBXFileReference; fileEncoding = 4; lastKnownFileType = sourcecode.c.objc; name = Jastor.m; path = Other/Jastor/Jastor.m; sourceTree = "<group>"; };
		4A5D94971CA63E1A007F0660 /* JastorRuntimeHelper.h */ = {isa = PBXFileReference; fileEncoding = 4; lastKnownFileType = sourcecode.c.h; name = JastorRuntimeHelper.h; path = Other/Jastor/JastorRuntimeHelper.h; sourceTree = "<group>"; };
		4A5D94981CA63E1A007F0660 /* JastorRuntimeHelper.m */ = {isa = PBXFileReference; fileEncoding = 4; lastKnownFileType = sourcecode.c.objc; name = JastorRuntimeHelper.m; path = Other/Jastor/JastorRuntimeHelper.m; sourceTree = "<group>"; };
		4A5D94FD1CA65B10007F0660 /* NSArryData.json */ = {isa = PBXFileReference; fileEncoding = 4; lastKnownFileType = text.json; name = NSArryData.json; path = Resource/NSArryData.json; sourceTree = "<group>"; };
		4A5D95001CA65C13007F0660 /* GSDataDef.h */ = {isa = PBXFileReference; fileEncoding = 4; lastKnownFileType = sourcecode.c.h; name = GSDataDef.h; path = Other/DataEngine/GSDataDef.h; sourceTree = "<group>"; };
		4A5D95011CA65C13007F0660 /* GSDataDef.m */ = {isa = PBXFileReference; fileEncoding = 4; lastKnownFileType = sourcecode.c.objc; name = GSDataDef.m; path = Other/DataEngine/GSDataDef.m; sourceTree = "<group>"; };
		4A5D95021CA65C14007F0660 /* GSDataEngine.h */ = {isa = PBXFileReference; fileEncoding = 4; lastKnownFileType = sourcecode.c.h; name = GSDataEngine.h; path = Other/DataEngine/GSDataEngine.h; sourceTree = "<group>"; };
		4A5D95031CA65C14007F0660 /* GSDataEngine.m */ = {isa = PBXFileReference; fileEncoding = 4; lastKnownFileType = sourcecode.c.objc; name = GSDataEngine.m; path = Other/DataEngine/GSDataEngine.m; sourceTree = "<group>"; };
		4A5D95041CA65C14007F0660 /* GSUrlDef.h */ = {isa = PBXFileReference; fileEncoding = 4; lastKnownFileType = sourcecode.c.h; name = GSUrlDef.h; path = Other/DataEngine/GSUrlDef.h; sourceTree = "<group>"; };
		4A5D95051CA65C14007F0660 /* GSUserSetting.h */ = {isa = PBXFileReference; fileEncoding = 4; lastKnownFileType = sourcecode.c.h; name = GSUserSetting.h; path = Other/DataEngine/GSUserSetting.h; sourceTree = "<group>"; };
		4A5D95061CA65C14007F0660 /* GSUserSetting.m */ = {isa = PBXFileReference; fileEncoding = 4; lastKnownFileType = sourcecode.c.objc; name = GSUserSetting.m; path = Other/DataEngine/GSUserSetting.m; sourceTree = "<group>"; };
		4A5D950A1CA65C28007F0660 /* GSErrorDef.h */ = {isa = PBXFileReference; fileEncoding = 4; lastKnownFileType = sourcecode.c.h; name = GSErrorDef.h; path = Other/DataEngine/GSErrorDef.h; sourceTree = "<group>"; };
		4A5D950B1CA65C41007F0660 /* GSErrorDef.m */ = {isa = PBXFileReference; fileEncoding = 4; lastKnownFileType = sourcecode.c.objc; name = GSErrorDef.m; path = Other/DataEngine/GSErrorDef.m; sourceTree = "<group>"; };
		4A5D950C1CA65C41007F0660 /* GSHTTPRequestOperationManager.h */ = {isa = PBXFileReference; fileEncoding = 4; lastKnownFileType = sourcecode.c.h; name = GSHTTPRequestOperationManager.h; path = Other/DataEngine/GSHTTPRequestOperationManager.h; sourceTree = "<group>"; };
		4A5D950D1CA65C41007F0660 /* GSHTTPRequestOperationManager.m */ = {isa = PBXFileReference; fileEncoding = 4; lastKnownFileType = sourcecode.c.objc; name = GSHTTPRequestOperationManager.m; path = Other/DataEngine/GSHTTPRequestOperationManager.m; sourceTree = "<group>"; };
		4A5D950E1CA65C41007F0660 /* GSHTTPTask.h */ = {isa = PBXFileReference; fileEncoding = 4; lastKnownFileType = sourcecode.c.h; name = GSHTTPTask.h; path = Other/DataEngine/GSHTTPTask.h; sourceTree = "<group>"; };
		4A5D950F1CA65C41007F0660 /* GSHTTPTask.m */ = {isa = PBXFileReference; fileEncoding = 4; lastKnownFileType = sourcecode.c.objc; name = GSHTTPTask.m; path = Other/DataEngine/GSHTTPTask.m; sourceTree = "<group>"; };
		4A5D95101CA65C41007F0660 /* GSHTTPURLRequestSerializer.h */ = {isa = PBXFileReference; fileEncoding = 4; lastKnownFileType = sourcecode.c.h; name = GSHTTPURLRequestSerializer.h; path = Other/DataEngine/GSHTTPURLRequestSerializer.h; sourceTree = "<group>"; };
		4A5D95111CA65C41007F0660 /* GSHTTPURLRequestSerializer.m */ = {isa = PBXFileReference; fileEncoding = 4; lastKnownFileType = sourcecode.c.objc; name = GSHTTPURLRequestSerializer.m; path = Other/DataEngine/GSHTTPURLRequestSerializer.m; sourceTree = "<group>"; };
		4A5D95121CA65C41007F0660 /* GSTask.h */ = {isa = PBXFileReference; fileEncoding = 4; lastKnownFileType = sourcecode.c.h; name = GSTask.h; path = Other/DataEngine/GSTask.h; sourceTree = "<group>"; };
		4A5D95131CA65C41007F0660 /* GSTask.m */ = {isa = PBXFileReference; fileEncoding = 4; lastKnownFileType = sourcecode.c.objc; name = GSTask.m; path = Other/DataEngine/GSTask.m; sourceTree = "<group>"; };
		4A5D95141CA65C41007F0660 /* GSTaskEngine.h */ = {isa = PBXFileReference; fileEncoding = 4; lastKnownFileType = sourcecode.c.h; name = GSTaskEngine.h; path = Other/DataEngine/GSTaskEngine.h; sourceTree = "<group>"; };
		4A5D95151CA65C41007F0660 /* GSTaskEngine.m */ = {isa = PBXFileReference; fileEncoding = 4; lastKnownFileType = sourcecode.c.objc; name = GSTaskEngine.m; path = Other/DataEngine/GSTaskEngine.m; sourceTree = "<group>"; };
		4A5D95161CA65C41007F0660 /* GSTaskResponse.h */ = {isa = PBXFileReference; fileEncoding = 4; lastKnownFileType = sourcecode.c.h; name = GSTaskResponse.h; path = Other/DataEngine/GSTaskResponse.h; sourceTree = "<group>"; };
		4A5D95171CA65C41007F0660 /* GSTaskResponse.m */ = {isa = PBXFileReference; fileEncoding = 4; lastKnownFileType = sourcecode.c.objc; name = GSTaskResponse.m; path = Other/DataEngine/GSTaskResponse.m; sourceTree = "<group>"; };
		4A5D95181CA65C41007F0660 /* ORBaseHttpTask.h */ = {isa = PBXFileReference; fileEncoding = 4; lastKnownFileType = sourcecode.c.h; name = ORBaseHttpTask.h; path = Other/DataEngine/ORBaseHttpTask.h; sourceTree = "<group>"; };
		4A5D95191CA65C41007F0660 /* ORBaseHttpTask.m */ = {isa = PBXFileReference; fileEncoding = 4; lastKnownFileType = sourcecode.c.objc; name = ORBaseHttpTask.m; path = Other/DataEngine/ORBaseHttpTask.m; sourceTree = "<group>"; };
		4A5D95221CA65CAD007F0660 /* AppUtil.h */ = {isa = PBXFileReference; fileEncoding = 4; lastKnownFileType = sourcecode.c.h; name = AppUtil.h; path = Other/DataEngine/AppUtil.h; sourceTree = "<group>"; };
		4A5D95231CA65CAD007F0660 /* AppUtil.m */ = {isa = PBXFileReference; fileEncoding = 4; lastKnownFileType = sourcecode.c.objc; name = AppUtil.m; path = Other/DataEngine/AppUtil.m; sourceTree = "<group>"; };
		4A5D95241CA65CAD007F0660 /* DataUtil.h */ = {isa = PBXFileReference; fileEncoding = 4; lastKnownFileType = sourcecode.c.h; name = DataUtil.h; path = Other/DataEngine/DataUtil.h; sourceTree = "<group>"; };
		4A5D95251CA65CAD007F0660 /* DataUtil.m */ = {isa = PBXFileReference; fileEncoding = 4; lastKnownFileType = sourcecode.c.objc; name = DataUtil.m; path = Other/DataEngine/DataUtil.m; sourceTree = "<group>"; };
		4A5D95261CA65CAD007F0660 /* SecurityUtil.h */ = {isa = PBXFileReference; fileEncoding = 4; lastKnownFileType = sourcecode.c.h; name = SecurityUtil.h; path = Other/DataEngine/SecurityUtil.h; sourceTree = "<group>"; };
		4A5D95271CA65CAD007F0660 /* SecurityUtil.m */ = {isa = PBXFileReference; fileEncoding = 4; lastKnownFileType = sourcecode.c.objc; name = SecurityUtil.m; path = Other/DataEngine/SecurityUtil.m; sourceTree = "<group>"; };
		4A5D952D1CA664AC007F0660 /* SCPictureViewModel.h */ = {isa = PBXFileReference; fileEncoding = 4; lastKnownFileType = sourcecode.c.h; name = SCPictureViewModel.h; path = UI/Model/Picture/SCPictureViewModel.h; sourceTree = "<group>"; };
		4A5D952E1CA664AC007F0660 /* SCPictureViewModel.m */ = {isa = PBXFileReference; fileEncoding = 4; lastKnownFileType = sourcecode.c.objc; name = SCPictureViewModel.m; path = UI/Model/Picture/SCPictureViewModel.m; sourceTree = "<group>"; };
		4A9512B31C9054CD002658FB /* scholars.app */ = {isa = PBXFileReference; explicitFileType = wrapper.application; includeInIndex = 0; path = scholars.app; sourceTree = BUILT_PRODUCTS_DIR; };
		4A9512B71C9054CD002658FB /* main.m */ = {isa = PBXFileReference; lastKnownFileType = sourcecode.c.objc; path = main.m; sourceTree = "<group>"; };
		4A9512B91C9054CD002658FB /* AppDelegate.h */ = {isa = PBXFileReference; lastKnownFileType = sourcecode.c.h; path = AppDelegate.h; sourceTree = "<group>"; };
		4A9512BA1C9054CD002658FB /* AppDelegate.m */ = {isa = PBXFileReference; lastKnownFileType = sourcecode.c.objc; path = AppDelegate.m; sourceTree = "<group>"; };
		4A9512BC1C9054CD002658FB /* ViewController.h */ = {isa = PBXFileReference; lastKnownFileType = sourcecode.c.h; path = ViewController.h; sourceTree = "<group>"; };
		4A9512BD1C9054CD002658FB /* ViewController.m */ = {isa = PBXFileReference; lastKnownFileType = sourcecode.c.objc; path = ViewController.m; sourceTree = "<group>"; };
		4A9512C21C9054CD002658FB /* Assets.xcassets */ = {isa = PBXFileReference; lastKnownFileType = folder.assetcatalog; path = Assets.xcassets; sourceTree = "<group>"; };
		4A9512C51C9054CD002658FB /* Base */ = {isa = PBXFileReference; lastKnownFileType = file.storyboard; name = Base; path = Base.lproj/LaunchScreen.storyboard; sourceTree = "<group>"; };
		4A9512C71C9054CD002658FB /* Info.plist */ = {isa = PBXFileReference; lastKnownFileType = text.plist.xml; path = Info.plist; sourceTree = "<group>"; };
		4A9512CC1C9054CD002658FB /* scholarsTests.xctest */ = {isa = PBXFileReference; explicitFileType = wrapper.cfbundle; includeInIndex = 0; path = scholarsTests.xctest; sourceTree = BUILT_PRODUCTS_DIR; };
		4A9512D01C9054CD002658FB /* scholarsTests.m */ = {isa = PBXFileReference; lastKnownFileType = sourcecode.c.objc; path = scholarsTests.m; sourceTree = "<group>"; };
		4A9512D21C9054CD002658FB /* Info.plist */ = {isa = PBXFileReference; lastKnownFileType = text.plist.xml; path = Info.plist; sourceTree = "<group>"; };
		4A9512D71C9054CD002658FB /* scholarsUITests.xctest */ = {isa = PBXFileReference; explicitFileType = wrapper.cfbundle; includeInIndex = 0; path = scholarsUITests.xctest; sourceTree = BUILT_PRODUCTS_DIR; };
		4A9512DB1C9054CD002658FB /* scholarsUITests.m */ = {isa = PBXFileReference; lastKnownFileType = sourcecode.c.objc; path = scholarsUITests.m; sourceTree = "<group>"; };
		4A9512DD1C9054CD002658FB /* Info.plist */ = {isa = PBXFileReference; lastKnownFileType = text.plist.xml; path = Info.plist; sourceTree = "<group>"; };
		4A9512E91C90591D002658FB /* SCRootNavigationViewController.h */ = {isa = PBXFileReference; fileEncoding = 4; lastKnownFileType = sourcecode.c.h; path = SCRootNavigationViewController.h; sourceTree = "<group>"; };
		4A9512EA1C90591D002658FB /* SCRootNavigationViewController.m */ = {isa = PBXFileReference; fileEncoding = 4; lastKnownFileType = sourcecode.c.objc; path = SCRootNavigationViewController.m; sourceTree = "<group>"; };
		4A9512EC1C905969002658FB /* SCRootBarViewController.h */ = {isa = PBXFileReference; fileEncoding = 4; lastKnownFileType = sourcecode.c.h; path = SCRootBarViewController.h; sourceTree = "<group>"; };
		4A9512ED1C905969002658FB /* SCRootBarViewController.m */ = {isa = PBXFileReference; fileEncoding = 4; lastKnownFileType = sourcecode.c.objc; path = SCRootBarViewController.m; sourceTree = "<group>"; };
		C7A0347DB6C9F51FCD74CB16 /* Pods.release.xcconfig */ = {isa = PBXFileReference; includeInIndex = 1; lastKnownFileType = text.xcconfig; name = Pods.release.xcconfig; path = "Pods/Target Support Files/Pods/Pods.release.xcconfig"; sourceTree = "<group>"; };
		CCEED669B0F500150937771F /* Pods.debug.xcconfig */ = {isa = PBXFileReference; includeInIndex = 1; lastKnownFileType = text.xcconfig; name = Pods.debug.xcconfig; path = "Pods/Target Support Files/Pods/Pods.debug.xcconfig"; sourceTree = "<group>"; };
		DC905B201A04C14CA6E63179 /* libPods.a */ = {isa = PBXFileReference; explicitFileType = archive.ar; includeInIndex = 0; path = libPods.a; sourceTree = BUILT_PRODUCTS_DIR; };
		DDC074FD1C98FBDD008DC9A3 /* Home.storyboard */ = {isa = PBXFileReference; fileEncoding = 4; lastKnownFileType = file.storyboard; name = Home.storyboard; path = UI/Home.storyboard; sourceTree = "<group>"; };
		DDC074FE1C98FBDD008DC9A3 /* Main.storyboard */ = {isa = PBXFileReference; fileEncoding = 4; lastKnownFileType = file.storyboard; name = Main.storyboard; path = UI/Main.storyboard; sourceTree = "<group>"; };
		DDC074FF1C98FBDD008DC9A3 /* Picture.storyboard */ = {isa = PBXFileReference; fileEncoding = 4; lastKnownFileType = file.storyboard; name = Picture.storyboard; path = UI/Picture.storyboard; sourceTree = "<group>"; };
		DDC075031C98FC04008DC9A3 /* SCHomeViewController.m */ = {isa = PBXFileReference; fileEncoding = 4; lastKnownFileType = sourcecode.c.objc; name = SCHomeViewController.m; path = UI/Controller/Home/SCHomeViewController.m; sourceTree = "<group>"; };
		DDC075041C98FC04008DC9A3 /* SCHotViewController.h */ = {isa = PBXFileReference; fileEncoding = 4; lastKnownFileType = sourcecode.c.h; name = SCHotViewController.h; path = UI/Controller/Home/SCHotViewController.h; sourceTree = "<group>"; };
		DDC075051C98FC04008DC9A3 /* SCHotViewController.m */ = {isa = PBXFileReference; fileEncoding = 4; lastKnownFileType = sourcecode.c.objc; name = SCHotViewController.m; path = UI/Controller/Home/SCHotViewController.m; sourceTree = "<group>"; };
		DDC075061C98FC04008DC9A3 /* SCNewsTableViewController.m */ = {isa = PBXFileReference; fileEncoding = 4; lastKnownFileType = sourcecode.c.objc; name = SCNewsTableViewController.m; path = UI/Controller/Home/SCNewsTableViewController.m; sourceTree = "<group>"; };
		DDC075071C98FC04008DC9A3 /* SCHomeViewController.h */ = {isa = PBXFileReference; fileEncoding = 4; lastKnownFileType = sourcecode.c.h; name = SCHomeViewController.h; path = UI/Controller/Home/SCHomeViewController.h; sourceTree = "<group>"; };
		DDC075081C98FC04008DC9A3 /* SCNewsTableViewController.h */ = {isa = PBXFileReference; fileEncoding = 4; lastKnownFileType = sourcecode.c.h; name = SCNewsTableViewController.h; path = UI/Controller/Home/SCNewsTableViewController.h; sourceTree = "<group>"; };
		DDC0750C1C98FC18008DC9A3 /* SCPictureTableViewController.h */ = {isa = PBXFileReference; fileEncoding = 4; lastKnownFileType = sourcecode.c.h; name = SCPictureTableViewController.h; path = UI/Controller/Picture/SCPictureTableViewController.h; sourceTree = "<group>"; };
		DDC0750D1C98FC18008DC9A3 /* SCPictureTableViewController.m */ = {isa = PBXFileReference; fileEncoding = 4; lastKnownFileType = sourcecode.c.objc; name = SCPictureTableViewController.m; path = UI/Controller/Picture/SCPictureTableViewController.m; sourceTree = "<group>"; };
		DDC0750F1C98FC32008DC9A3 /* YDHotTableViewCell.h */ = {isa = PBXFileReference; fileEncoding = 4; lastKnownFileType = sourcecode.c.h; name = YDHotTableViewCell.h; path = UI/View/Home/YDHotTableViewCell.h; sourceTree = "<group>"; };
		DDC075101C98FC32008DC9A3 /* YDHotTableViewCell.m */ = {isa = PBXFileReference; fileEncoding = 4; lastKnownFileType = sourcecode.c.objc; name = YDHotTableViewCell.m; path = UI/View/Home/YDHotTableViewCell.m; sourceTree = "<group>"; };
		DDC075121C98FC8E008DC9A3 /* WMLoopView.h */ = {isa = PBXFileReference; fileEncoding = 4; lastKnownFileType = sourcecode.c.h; name = WMLoopView.h; path = UI/View/Home/Banner/WMLoopView.h; sourceTree = "<group>"; };
		DDC075131C98FC8E008DC9A3 /* WMLoopView.m */ = {isa = PBXFileReference; fileEncoding = 4; lastKnownFileType = sourcecode.c.objc; name = WMLoopView.m; path = UI/View/Home/Banner/WMLoopView.m; sourceTree = "<group>"; };
		DDC075281C98FD5B008DC9A3 /* SCPictureTableViewCell.h */ = {isa = PBXFileReference; fileEncoding = 4; lastKnownFileType = sourcecode.c.h; name = SCPictureTableViewCell.h; path = UI/View/Picture/SCPictureTableViewCell.h; sourceTree = "<group>"; };
		DDC075291C98FD5B008DC9A3 /* SCPictureTableViewCell.m */ = {isa = PBXFileReference; fileEncoding = 4; lastKnownFileType = sourcecode.c.objc; name = SCPictureTableViewCell.m; path = UI/View/Picture/SCPictureTableViewCell.m; sourceTree = "<group>"; };
		DDC0754F1C9907A5008DC9A3 /* custom_1.png */ = {isa = PBXFileReference; lastKnownFileType = image.png; name = custom_1.png; path = Other/SCPathButton/Images/custom_1.png; sourceTree = "<group>"; };
		DDC075501C9907A5008DC9A3 /* custom_2.png */ = {isa = PBXFileReference; lastKnownFileType = image.png; name = custom_2.png; path = Other/SCPathButton/Images/custom_2.png; sourceTree = "<group>"; };
		DDC075511C9907A5008DC9A3 /* custom_3.png */ = {isa = PBXFileReference; lastKnownFileType = image.png; name = custom_3.png; path = Other/SCPathButton/Images/custom_3.png; sourceTree = "<group>"; };
		DDC075521C9907A5008DC9A3 /* custom_4.png */ = {isa = PBXFileReference; lastKnownFileType = image.png; name = custom_4.png; path = Other/SCPathButton/Images/custom_4.png; sourceTree = "<group>"; };
		DDC075531C9907A5008DC9A3 /* custom_5.png */ = {isa = PBXFileReference; lastKnownFileType = image.png; name = custom_5.png; path = Other/SCPathButton/Images/custom_5.png; sourceTree = "<group>"; };
		DDC075541C9907A5008DC9A3 /* custom_center.png */ = {isa = PBXFileReference; lastKnownFileType = image.png; name = custom_center.png; path = Other/SCPathButton/Images/custom_center.png; sourceTree = "<group>"; };
		DDC0755B1C9907B1008DC9A3 /* DCPathButton.m */ = {isa = PBXFileReference; fileEncoding = 4; lastKnownFileType = sourcecode.c.objc; name = DCPathButton.m; path = Other/SCPathButton/DCPathButton.m; sourceTree = "<group>"; };
		DDC0755C1C9907B1008DC9A3 /* DCPathButton.h */ = {isa = PBXFileReference; fileEncoding = 4; lastKnownFileType = sourcecode.c.h; name = DCPathButton.h; path = Other/SCPathButton/DCPathButton.h; sourceTree = "<group>"; };
		DDC0755D1C9907B1008DC9A3 /* DCPathButtonConstant.h */ = {isa = PBXFileReference; fileEncoding = 4; lastKnownFileType = sourcecode.c.h; name = DCPathButtonConstant.h; path = Other/SCPathButton/DCPathButtonConstant.h; sourceTree = "<group>"; };
		DDC0755E1C9907B1008DC9A3 /* DCSubButton.h */ = {isa = PBXFileReference; fileEncoding = 4; lastKnownFileType = sourcecode.c.h; name = DCSubButton.h; path = Other/SCPathButton/DCSubButton.h; sourceTree = "<group>"; };
		DDC0755F1C9907B1008DC9A3 /* DCSubButton.m */ = {isa = PBXFileReference; fileEncoding = 4; lastKnownFileType = sourcecode.c.objc; name = DCSubButton.m; path = Other/SCPathButton/DCSubButton.m; sourceTree = "<group>"; };
		DDC075651C9907D3008DC9A3 /* ORAppUtil.m */ = {isa = PBXFileReference; fileEncoding = 4; lastKnownFileType = sourcecode.c.objc; name = ORAppUtil.m; path = Other/ORAppUtil/ORAppUtil.m; sourceTree = "<group>"; };
		DDC075661C9907D3008DC9A3 /* ORAppUtil.h */ = {isa = PBXFileReference; fileEncoding = 4; lastKnownFileType = sourcecode.c.h; name = ORAppUtil.h; path = Other/ORAppUtil/ORAppUtil.h; sourceTree = "<group>"; };
		DDC075681C9907FA008DC9A3 /* Observer.h */ = {isa = PBXFileReference; fileEncoding = 4; lastKnownFileType = sourcecode.c.h; name = Observer.h; path = Other/ORIndicatorView/Util/Observer.h; sourceTree = "<group>"; };
		DDC075691C9907FA008DC9A3 /* Observer.m */ = {isa = PBXFileReference; fileEncoding = 4; lastKnownFileType = sourcecode.c.objc; name = Observer.m; path = Other/ORIndicatorView/Util/Observer.m; sourceTree = "<group>"; };
		DDC0756B1C990802008DC9A3 /* ORIndicatorView.m */ = {isa = PBXFileReference; fileEncoding = 4; lastKnownFileType = sourcecode.c.objc; name = ORIndicatorView.m; path = Other/ORIndicatorView/ORIndicatorView.m; sourceTree = "<group>"; };
		DDC0756C1C990802008DC9A3 /* ORIndicatorView.h */ = {isa = PBXFileReference; fileEncoding = 4; lastKnownFileType = sourcecode.c.h; name = ORIndicatorView.h; path = Other/ORIndicatorView/ORIndicatorView.h; sourceTree = "<group>"; };
		DDC0756D1C990802008DC9A3 /* ORLoadingIndicator.h */ = {isa = PBXFileReference; fileEncoding = 4; lastKnownFileType = sourcecode.c.h; name = ORLoadingIndicator.h; path = Other/ORIndicatorView/ORLoadingIndicator.h; sourceTree = "<group>"; };
		DDC0756E1C990802008DC9A3 /* ORLoadingIndicator.m */ = {isa = PBXFileReference; fileEncoding = 4; lastKnownFileType = sourcecode.c.objc; name = ORLoadingIndicator.m; path = Other/ORIndicatorView/ORLoadingIndicator.m; sourceTree = "<group>"; };
		DDC0756F1C990802008DC9A3 /* ViewUtil.h */ = {isa = PBXFileReference; fileEncoding = 4; lastKnownFileType = sourcecode.c.h; name = ViewUtil.h; path = Other/ORIndicatorView/ViewUtil.h; sourceTree = "<group>"; };
		DDC075701C990802008DC9A3 /* ViewUtil.m */ = {isa = PBXFileReference; fileEncoding = 4; lastKnownFileType = sourcecode.c.objc; name = ViewUtil.m; path = Other/ORIndicatorView/ViewUtil.m; sourceTree = "<group>"; };
		DDC075741C990813008DC9A3 /* ORBaseTableViewController.m */ = {isa = PBXFileReference; fileEncoding = 4; lastKnownFileType = sourcecode.c.objc; name = ORBaseTableViewController.m; path = Other/UINavigation/ORBaseTableViewController.m; sourceTree = "<group>"; };
		DDC075751C990813008DC9A3 /* ORBaseViewController.m */ = {isa = PBXFileReference; fileEncoding = 4; lastKnownFileType = sourcecode.c.objc; name = ORBaseViewController.m; path = Other/UINavigation/ORBaseViewController.m; sourceTree = "<group>"; };
		DDC075761C990813008DC9A3 /* ORBaseTableViewController.h */ = {isa = PBXFileReference; fileEncoding = 4; lastKnownFileType = sourcecode.c.h; name = ORBaseTableViewController.h; path = Other/UINavigation/ORBaseTableViewController.h; sourceTree = "<group>"; };
		DDC075771C990813008DC9A3 /* ORBaseViewController.h */ = {isa = PBXFileReference; fileEncoding = 4; lastKnownFileType = sourcecode.c.h; name = ORBaseViewController.h; path = Other/UINavigation/ORBaseViewController.h; sourceTree = "<group>"; };
		DDC0757A1C990820008DC9A3 /* ORBaseListModel.m */ = {isa = PBXFileReference; fileEncoding = 4; lastKnownFileType = sourcecode.c.objc; name = ORBaseListModel.m; path = Other/ORListModel/ORBaseListModel.m; sourceTree = "<group>"; };
		DDC0757B1C990820008DC9A3 /* ORBasePageListModel.m */ = {isa = PBXFileReference; fileEncoding = 4; lastKnownFileType = sourcecode.c.objc; name = ORBasePageListModel.m; path = Other/ORListModel/ORBasePageListModel.m; sourceTree = "<group>"; };
		DDC0757C1C990820008DC9A3 /* BaseModel.h */ = {isa = PBXFileReference; fileEncoding = 4; lastKnownFileType = sourcecode.c.h; name = BaseModel.h; path = Other/ORListModel/BaseModel.h; sourceTree = "<group>"; };
		DDC0757D1C990820008DC9A3 /* BaseModel.m */ = {isa = PBXFileReference; fileEncoding = 4; lastKnownFileType = sourcecode.c.objc; name = BaseModel.m; path = Other/ORListModel/BaseModel.m; sourceTree = "<group>"; };
		DDC0757E1C990820008DC9A3 /* ORBaseListModel.h */ = {isa = PBXFileReference; fileEncoding = 4; lastKnownFileType = sourcecode.c.h; name = ORBaseListModel.h; path = Other/ORListModel/ORBaseListModel.h; sourceTree = "<group>"; };
		DDC0757F1C990820008DC9A3 /* ORBasePageListModel.h */ = {isa = PBXFileReference; fileEncoding = 4; lastKnownFileType = sourcecode.c.h; name = ORBasePageListModel.h; path = Other/ORListModel/ORBasePageListModel.h; sourceTree = "<group>"; };
		DDC075831C99082F008DC9A3 /* ORColorUtil.h */ = {isa = PBXFileReference; fileEncoding = 4; lastKnownFileType = sourcecode.c.h; name = ORColorUtil.h; path = Other/ColorUtil/ORColorUtil.h; sourceTree = "<group>"; };
		DDC075841C99082F008DC9A3 /* ORColorUtil.m */ = {isa = PBXFileReference; fileEncoding = 4; lastKnownFileType = sourcecode.c.objc; name = ORColorUtil.m; path = Other/ColorUtil/ORColorUtil.m; sourceTree = "<group>"; };
		DDC075891C990938008DC9A3 /* Photo.json */ = {isa = PBXFileReference; fileEncoding = 4; lastKnownFileType = text.json; name = Photo.json; path = Resource/Photo.json; sourceTree = "<group>"; };
		DDD16BD71CA5281D001D533E /* SCMenuLeftViewController.h */ = {isa = PBXFileReference; fileEncoding = 4; lastKnownFileType = sourcecode.c.h; name = SCMenuLeftViewController.h; path = UI/AboutMenu/SCMenuLeftViewController.h; sourceTree = "<group>"; };
		DDD16BD81CA5281D001D533E /* SCMenuLeftViewController.m */ = {isa = PBXFileReference; fileEncoding = 4; lastKnownFileType = sourcecode.c.objc; name = SCMenuLeftViewController.m; path = UI/AboutMenu/SCMenuLeftViewController.m; sourceTree = "<group>"; };
		DDD16BDA1CA5283E001D533E /* AboutMenu.storyboard */ = {isa = PBXFileReference; fileEncoding = 4; lastKnownFileType = file.storyboard; name = AboutMenu.storyboard; path = UI/AboutMenu.storyboard; sourceTree = "<group>"; };
		DDF0D5271C9813BA000D40E5 /* scholars.pch */ = {isa = PBXFileReference; fileEncoding = 4; lastKnownFileType = sourcecode.c.h; path = scholars.pch; sourceTree = "<group>"; };
/* End PBXFileReference section */

/* Begin PBXFrameworksBuildPhase section */
		4A9512B01C9054CD002658FB /* Frameworks */ = {
			isa = PBXFrameworksBuildPhase;
			buildActionMask = 2147483647;
			files = (
				5170B32AD66868A92D1EE638 /* libPods.a in Frameworks */,
			);
			runOnlyForDeploymentPostprocessing = 0;
		};
		4A9512C91C9054CD002658FB /* Frameworks */ = {
			isa = PBXFrameworksBuildPhase;
			buildActionMask = 2147483647;
			files = (
			);
			runOnlyForDeploymentPostprocessing = 0;
		};
		4A9512D41C9054CD002658FB /* Frameworks */ = {
			isa = PBXFrameworksBuildPhase;
			buildActionMask = 2147483647;
			files = (
			);
			runOnlyForDeploymentPostprocessing = 0;
		};
/* End PBXFrameworksBuildPhase section */

/* Begin PBXGroup section */
		406CB07369DF932379FE0C26 /* Frameworks */ = {
			isa = PBXGroup;
			children = (
				DC905B201A04C14CA6E63179 /* libPods.a */,
			);
			name = Frameworks;
			sourceTree = "<group>";
		};
		4A5D94811CA63BAD007F0660 /* DataEngine */ = {
			isa = PBXGroup;
			children = (
				4A5D95001CA65C13007F0660 /* GSDataDef.h */,
				4A5D95011CA65C13007F0660 /* GSDataDef.m */,
				4A5D95021CA65C14007F0660 /* GSDataEngine.h */,
				4A5D95031CA65C14007F0660 /* GSDataEngine.m */,
				4A5D95041CA65C14007F0660 /* GSUrlDef.h */,
				4A5D95051CA65C14007F0660 /* GSUserSetting.h */,
				4A5D95061CA65C14007F0660 /* GSUserSetting.m */,
				4A5D94D61CA64065007F0660 /* Util */,
				4A5D94A51CA63E79007F0660 /* HttpEngine */,
			);
			name = DataEngine;
			sourceTree = "<group>";
		};
		4A5D948E1CA63D63007F0660 /* Jastor */ = {
			isa = PBXGroup;
			children = (
				4A5D94951CA63E1A007F0660 /* Jastor.h */,
				4A5D94961CA63E1A007F0660 /* Jastor.m */,
				4A5D94971CA63E1A007F0660 /* JastorRuntimeHelper.h */,
				4A5D94981CA63E1A007F0660 /* JastorRuntimeHelper.m */,
			);
			name = Jastor;
			sourceTree = "<group>";
		};
		4A5D94A51CA63E79007F0660 /* HttpEngine */ = {
			isa = PBXGroup;
			children = (
				4A5D950A1CA65C28007F0660 /* GSErrorDef.h */,
				4A5D950B1CA65C41007F0660 /* GSErrorDef.m */,
				4A5D950C1CA65C41007F0660 /* GSHTTPRequestOperationManager.h */,
				4A5D950D1CA65C41007F0660 /* GSHTTPRequestOperationManager.m */,
				4A5D950E1CA65C41007F0660 /* GSHTTPTask.h */,
				4A5D950F1CA65C41007F0660 /* GSHTTPTask.m */,
				4A5D95101CA65C41007F0660 /* GSHTTPURLRequestSerializer.h */,
				4A5D95111CA65C41007F0660 /* GSHTTPURLRequestSerializer.m */,
				4A5D95121CA65C41007F0660 /* GSTask.h */,
				4A5D95131CA65C41007F0660 /* GSTask.m */,
				4A5D95141CA65C41007F0660 /* GSTaskEngine.h */,
				4A5D95151CA65C41007F0660 /* GSTaskEngine.m */,
				4A5D95161CA65C41007F0660 /* GSTaskResponse.h */,
				4A5D95171CA65C41007F0660 /* GSTaskResponse.m */,
				4A5D95181CA65C41007F0660 /* ORBaseHttpTask.h */,
				4A5D95191CA65C41007F0660 /* ORBaseHttpTask.m */,
			);
			name = HttpEngine;
			sourceTree = "<group>";
		};
		4A5D94D61CA64065007F0660 /* Util */ = {
			isa = PBXGroup;
			children = (
				4A5D95221CA65CAD007F0660 /* AppUtil.h */,
				4A5D95231CA65CAD007F0660 /* AppUtil.m */,
				4A5D95241CA65CAD007F0660 /* DataUtil.h */,
				4A5D95251CA65CAD007F0660 /* DataUtil.m */,
				4A5D95261CA65CAD007F0660 /* SecurityUtil.h */,
				4A5D95271CA65CAD007F0660 /* SecurityUtil.m */,
			);
			name = Util;
			sourceTree = "<group>";
		};
		4A5D94FF1CA65B57007F0660 /* Model */ = {
			isa = PBXGroup;
			children = (
				4A5D952B1CA6643A007F0660 /* Home */,
				4A5D952C1CA66441007F0660 /* Picture */,
			);
			name = Model;
			sourceTree = "<group>";
		};
		4A5D952B1CA6643A007F0660 /* Home */ = {
			isa = PBXGroup;
			children = (
			);
			name = Home;
			sourceTree = "<group>";
		};
		4A5D952C1CA66441007F0660 /* Picture */ = {
			isa = PBXGroup;
			children = (
				4A5D952D1CA664AC007F0660 /* SCPictureViewModel.h */,
				4A5D952E1CA664AC007F0660 /* SCPictureViewModel.m */,
			);
			name = Picture;
			sourceTree = "<group>";
		};
		4A7287231C91AB0D005581F3 /* Banner */ = {
			isa = PBXGroup;
			children = (
				DDC075121C98FC8E008DC9A3 /* WMLoopView.h */,
				DDC075131C98FC8E008DC9A3 /* WMLoopView.m */,
			);
			name = Banner;
			sourceTree = "<group>";
		};
		4A9512AA1C9054CD002658FB = {
			isa = PBXGroup;
			children = (
				4A9512B51C9054CD002658FB /* scholars */,
				4A9512CF1C9054CD002658FB /* scholarsTests */,
				4A9512DA1C9054CD002658FB /* scholarsUITests */,
				4A9512B41C9054CD002658FB /* Products */,
				6153F8FF4EAD98C151FA234E /* Pods */,
				406CB07369DF932379FE0C26 /* Frameworks */,
			);
			sourceTree = "<group>";
		};
		4A9512B41C9054CD002658FB /* Products */ = {
			isa = PBXGroup;
			children = (
				4A9512B31C9054CD002658FB /* scholars.app */,
				4A9512CC1C9054CD002658FB /* scholarsTests.xctest */,
				4A9512D71C9054CD002658FB /* scholarsUITests.xctest */,
			);
			name = Products;
			sourceTree = "<group>";
		};
		4A9512B51C9054CD002658FB /* scholars */ = {
			isa = PBXGroup;
			children = (
				DDC074FC1C98FB8A008DC9A3 /* UI */,
				DDD0F7591C91503C00F81EBF /* Other */,
				4A9512B91C9054CD002658FB /* AppDelegate.h */,
				4A9512BA1C9054CD002658FB /* AppDelegate.m */,
				4A9512BC1C9054CD002658FB /* ViewController.h */,
				4A9512BD1C9054CD002658FB /* ViewController.m */,
				4A9512C21C9054CD002658FB /* Assets.xcassets */,
				4A9512C41C9054CD002658FB /* LaunchScreen.storyboard */,
				4A9512C71C9054CD002658FB /* Info.plist */,
				4A9512B61C9054CD002658FB /* Supporting Files */,
				DDC075861C9908EE008DC9A3 /* Resource */,
				4A9512E91C90591D002658FB /* SCRootNavigationViewController.h */,
				4A9512EA1C90591D002658FB /* SCRootNavigationViewController.m */,
				4A9512EC1C905969002658FB /* SCRootBarViewController.h */,
				4A9512ED1C905969002658FB /* SCRootBarViewController.m */,
			);
			path = scholars;
			sourceTree = "<group>";
		};
		4A9512B61C9054CD002658FB /* Supporting Files */ = {
			isa = PBXGroup;
			children = (
				4A9512B71C9054CD002658FB /* main.m */,
				DDF0D5271C9813BA000D40E5 /* scholars.pch */,
			);
			name = "Supporting Files";
			sourceTree = "<group>";
		};
		4A9512CF1C9054CD002658FB /* scholarsTests */ = {
			isa = PBXGroup;
			children = (
				4A9512D01C9054CD002658FB /* scholarsTests.m */,
				4A9512D21C9054CD002658FB /* Info.plist */,
			);
			path = scholarsTests;
			sourceTree = "<group>";
		};
		4A9512DA1C9054CD002658FB /* scholarsUITests */ = {
			isa = PBXGroup;
			children = (
				4A9512DB1C9054CD002658FB /* scholarsUITests.m */,
				4A9512DD1C9054CD002658FB /* Info.plist */,
			);
			path = scholarsUITests;
			sourceTree = "<group>";
		};
		4A9512EF1C905B98002658FB /* Storyboard */ = {
			isa = PBXGroup;
			children = (
				DDD16BDA1CA5283E001D533E /* AboutMenu.storyboard */,
				DDC074FD1C98FBDD008DC9A3 /* Home.storyboard */,
				DDC074FE1C98FBDD008DC9A3 /* Main.storyboard */,
				DDC074FF1C98FBDD008DC9A3 /* Picture.storyboard */,
			);
			name = Storyboard;
			sourceTree = "<group>";
		};
		4A9512F21C906147002658FB /* Home */ = {
			isa = PBXGroup;
			children = (
				DDC075071C98FC04008DC9A3 /* SCHomeViewController.h */,
				DDC075031C98FC04008DC9A3 /* SCHomeViewController.m */,
				DDC075041C98FC04008DC9A3 /* SCHotViewController.h */,
				DDC075051C98FC04008DC9A3 /* SCHotViewController.m */,
				DDC075081C98FC04008DC9A3 /* SCNewsTableViewController.h */,
				DDC075061C98FC04008DC9A3 /* SCNewsTableViewController.m */,
			);
			name = Home;
			sourceTree = "<group>";
		};
		4A9512F31C906172002658FB /* Controller */ = {
			isa = PBXGroup;
			children = (
				4A9512F21C906147002658FB /* Home */,
				DDF0D4F11C96A5E9000D40E5 /* Picture */,
			);
			name = Controller;
			sourceTree = "<group>";
		};
		4A9512FA1C9063E2002658FB /* View */ = {
			isa = PBXGroup;
			children = (
				4A9512FE1C9064D5002658FB /* Home */,
				DDF0D4F21C96A603000D40E5 /* Picture */,
			);
			name = View;
			sourceTree = "<group>";
		};
		4A9512FE1C9064D5002658FB /* Home */ = {
			isa = PBXGroup;
			children = (
				4A7287231C91AB0D005581F3 /* Banner */,
				4A5D947E1CA557F1007F0660 /* SCNewsTableViewCell.h */,
				4A5D947F1CA557F1007F0660 /* SCNewsTableViewCell.m */,
				DDC0750F1C98FC32008DC9A3 /* YDHotTableViewCell.h */,
				DDC075101C98FC32008DC9A3 /* YDHotTableViewCell.m */,
			);
			name = Home;
			sourceTree = "<group>";
		};
		6153F8FF4EAD98C151FA234E /* Pods */ = {
			isa = PBXGroup;
			children = (
				CCEED669B0F500150937771F /* Pods.debug.xcconfig */,
				C7A0347DB6C9F51FCD74CB16 /* Pods.release.xcconfig */,
			);
			name = Pods;
			sourceTree = "<group>";
		};
		DDC074E71C98F9BF008DC9A3 /* SCPathButton */ = {
			isa = PBXGroup;
			children = (
				DDC074E81C98F9E6008DC9A3 /* Images */,
				DDC0755B1C9907B1008DC9A3 /* DCPathButton.m */,
				DDC0755C1C9907B1008DC9A3 /* DCPathButton.h */,
				DDC0755D1C9907B1008DC9A3 /* DCPathButtonConstant.h */,
				DDC0755E1C9907B1008DC9A3 /* DCSubButton.h */,
				DDC0755F1C9907B1008DC9A3 /* DCSubButton.m */,
			);
			name = SCPathButton;
			sourceTree = "<group>";
		};
		DDC074E81C98F9E6008DC9A3 /* Images */ = {
			isa = PBXGroup;
			children = (
				DDC0754F1C9907A5008DC9A3 /* custom_1.png */,
				DDC075501C9907A5008DC9A3 /* custom_2.png */,
				DDC075511C9907A5008DC9A3 /* custom_3.png */,
				DDC075521C9907A5008DC9A3 /* custom_4.png */,
				DDC075531C9907A5008DC9A3 /* custom_5.png */,
				DDC075541C9907A5008DC9A3 /* custom_center.png */,
			);
			name = Images;
			sourceTree = "<group>";
		};
		DDC074FC1C98FB8A008DC9A3 /* UI */ = {
			isa = PBXGroup;
			children = (
				4A9512EF1C905B98002658FB /* Storyboard */,
				DDD16BD11CA527BA001D533E /* Aboutmenu */,
				4A9512F31C906172002658FB /* Controller */,
				4A9512FA1C9063E2002658FB /* View */,
				4A5D94FF1CA65B57007F0660 /* Model */,
			);
			name = UI;
			sourceTree = "<group>";
		};
		DDC075861C9908EE008DC9A3 /* Resource */ = {
			isa = PBXGroup;
			children = (
				4A5D94FD1CA65B10007F0660 /* NSArryData.json */,
				DDC075891C990938008DC9A3 /* Photo.json */,
			);
			name = Resource;
			sourceTree = "<group>";
		};
		DDD0F7591C91503C00F81EBF /* Other */ = {
			isa = PBXGroup;
			children = (
				4A5D94811CA63BAD007F0660 /* DataEngine */,
				4A5D948E1CA63D63007F0660 /* Jastor */,
				DDC074E71C98F9BF008DC9A3 /* SCPathButton */,
				DDF0D5141C96B632000D40E5 /* ORAppUtil */,
				DDF0D5061C96B488000D40E5 /* ORIndicatorView */,
				DDF0D4F51C96AD80000D40E5 /* UINavigation */,
				DDF0D4FC1C96ADF5000D40E5 /* ORListModel */,
				DDD0F75A1C91505300F81EBF /* ColorUtil */,
			);
			name = Other;
			sourceTree = "<group>";
		};
		DDD0F75A1C91505300F81EBF /* ColorUtil */ = {
			isa = PBXGroup;
			children = (
				DDC075831C99082F008DC9A3 /* ORColorUtil.h */,
				DDC075841C99082F008DC9A3 /* ORColorUtil.m */,
			);
			name = ColorUtil;
			sourceTree = "<group>";
		};
		DDD16BD11CA527BA001D533E /* Aboutmenu */ = {
			isa = PBXGroup;
			children = (
				DDD16BD71CA5281D001D533E /* SCMenuLeftViewController.h */,
				DDD16BD81CA5281D001D533E /* SCMenuLeftViewController.m */,
			);
			name = Aboutmenu;
			sourceTree = "<group>";
		};
		DDF0D4F11C96A5E9000D40E5 /* Picture */ = {
			isa = PBXGroup;
			children = (
				DDC0750C1C98FC18008DC9A3 /* SCPictureTableViewController.h */,
				DDC0750D1C98FC18008DC9A3 /* SCPictureTableViewController.m */,
			);
			name = Picture;
			sourceTree = "<group>";
		};
		DDF0D4F21C96A603000D40E5 /* Picture */ = {
			isa = PBXGroup;
			children = (
				DDC075281C98FD5B008DC9A3 /* SCPictureTableViewCell.h */,
				DDC075291C98FD5B008DC9A3 /* SCPictureTableViewCell.m */,
			);
			name = Picture;
			sourceTree = "<group>";
		};
		DDF0D4F51C96AD80000D40E5 /* UINavigation */ = {
			isa = PBXGroup;
			children = (
				DDC075761C990813008DC9A3 /* ORBaseTableViewController.h */,
				DDC075741C990813008DC9A3 /* ORBaseTableViewController.m */,
				DDC075771C990813008DC9A3 /* ORBaseViewController.h */,
				DDC075751C990813008DC9A3 /* ORBaseViewController.m */,
			);
			name = UINavigation;
			sourceTree = "<group>";
		};
		DDF0D4FC1C96ADF5000D40E5 /* ORListModel */ = {
			isa = PBXGroup;
			children = (
				DDC0757A1C990820008DC9A3 /* ORBaseListModel.m */,
				DDC0757B1C990820008DC9A3 /* ORBasePageListModel.m */,
				DDC0757C1C990820008DC9A3 /* BaseModel.h */,
				DDC0757D1C990820008DC9A3 /* BaseModel.m */,
				DDC0757E1C990820008DC9A3 /* ORBaseListModel.h */,
				DDC0757F1C990820008DC9A3 /* ORBasePageListModel.h */,
			);
			name = ORListModel;
			sourceTree = "<group>";
		};
		DDF0D5061C96B488000D40E5 /* ORIndicatorView */ = {
			isa = PBXGroup;
			children = (
				DDF0D5101C96B49B000D40E5 /* Util */,
				DDC0756B1C990802008DC9A3 /* ORIndicatorView.m */,
				DDC0756C1C990802008DC9A3 /* ORIndicatorView.h */,
				DDC0756D1C990802008DC9A3 /* ORLoadingIndicator.h */,
				DDC0756E1C990802008DC9A3 /* ORLoadingIndicator.m */,
				DDC0756F1C990802008DC9A3 /* ViewUtil.h */,
				DDC075701C990802008DC9A3 /* ViewUtil.m */,
			);
			name = ORIndicatorView;
			sourceTree = "<group>";
		};
		DDF0D5101C96B49B000D40E5 /* Util */ = {
			isa = PBXGroup;
			children = (
				DDC075681C9907FA008DC9A3 /* Observer.h */,
				DDC075691C9907FA008DC9A3 /* Observer.m */,
			);
			name = Util;
			sourceTree = "<group>";
		};
		DDF0D5141C96B632000D40E5 /* ORAppUtil */ = {
			isa = PBXGroup;
			children = (
				DDC075651C9907D3008DC9A3 /* ORAppUtil.m */,
				DDC075661C9907D3008DC9A3 /* ORAppUtil.h */,
			);
			name = ORAppUtil;
			sourceTree = "<group>";
		};
/* End PBXGroup section */

/* Begin PBXNativeTarget section */
		4A9512B21C9054CD002658FB /* scholars */ = {
			isa = PBXNativeTarget;
			buildConfigurationList = 4A9512E01C9054CD002658FB /* Build configuration list for PBXNativeTarget "scholars" */;
			buildPhases = (
				EE46EF7A17E639238D178801 /* Check Pods Manifest.lock */,
				4A9512AF1C9054CD002658FB /* Sources */,
				4A9512B01C9054CD002658FB /* Frameworks */,
				4A9512B11C9054CD002658FB /* Resources */,
				C2DCFCE85BF452B7E1EAC0AF /* Copy Pods Resources */,
			);
			buildRules = (
			);
			dependencies = (
			);
			name = scholars;
			productName = scholars;
			productReference = 4A9512B31C9054CD002658FB /* scholars.app */;
			productType = "com.apple.product-type.application";
		};
		4A9512CB1C9054CD002658FB /* scholarsTests */ = {
			isa = PBXNativeTarget;
			buildConfigurationList = 4A9512E31C9054CD002658FB /* Build configuration list for PBXNativeTarget "scholarsTests" */;
			buildPhases = (
				4A9512C81C9054CD002658FB /* Sources */,
				4A9512C91C9054CD002658FB /* Frameworks */,
				4A9512CA1C9054CD002658FB /* Resources */,
			);
			buildRules = (
			);
			dependencies = (
				4A9512CE1C9054CD002658FB /* PBXTargetDependency */,
			);
			name = scholarsTests;
			productName = scholarsTests;
			productReference = 4A9512CC1C9054CD002658FB /* scholarsTests.xctest */;
			productType = "com.apple.product-type.bundle.unit-test";
		};
		4A9512D61C9054CD002658FB /* scholarsUITests */ = {
			isa = PBXNativeTarget;
			buildConfigurationList = 4A9512E61C9054CD002658FB /* Build configuration list for PBXNativeTarget "scholarsUITests" */;
			buildPhases = (
				4A9512D31C9054CD002658FB /* Sources */,
				4A9512D41C9054CD002658FB /* Frameworks */,
				4A9512D51C9054CD002658FB /* Resources */,
			);
			buildRules = (
			);
			dependencies = (
				4A9512D91C9054CD002658FB /* PBXTargetDependency */,
			);
			name = scholarsUITests;
			productName = scholarsUITests;
			productReference = 4A9512D71C9054CD002658FB /* scholarsUITests.xctest */;
			productType = "com.apple.product-type.bundle.ui-testing";
		};
/* End PBXNativeTarget section */

/* Begin PBXProject section */
		4A9512AB1C9054CD002658FB /* Project object */ = {
			isa = PBXProject;
			attributes = {
				LastUpgradeCheck = 0720;
				ORGANIZATIONNAME = "Mac Xiong";
				TargetAttributes = {
					4A9512B21C9054CD002658FB = {
						CreatedOnToolsVersion = 7.2;
					};
					4A9512CB1C9054CD002658FB = {
						CreatedOnToolsVersion = 7.2;
						TestTargetID = 4A9512B21C9054CD002658FB;
					};
					4A9512D61C9054CD002658FB = {
						CreatedOnToolsVersion = 7.2;
						TestTargetID = 4A9512B21C9054CD002658FB;
					};
				};
			};
			buildConfigurationList = 4A9512AE1C9054CD002658FB /* Build configuration list for PBXProject "scholars" */;
			compatibilityVersion = "Xcode 3.2";
			developmentRegion = English;
			hasScannedForEncodings = 0;
			knownRegions = (
				en,
				Base,
			);
			mainGroup = 4A9512AA1C9054CD002658FB;
			productRefGroup = 4A9512B41C9054CD002658FB /* Products */;
			projectDirPath = "";
			projectRoot = "";
			targets = (
				4A9512B21C9054CD002658FB /* scholars */,
				4A9512CB1C9054CD002658FB /* scholarsTests */,
				4A9512D61C9054CD002658FB /* scholarsUITests */,
			);
		};
/* End PBXProject section */

/* Begin PBXResourcesBuildPhase section */
		4A9512B11C9054CD002658FB /* Resources */ = {
			isa = PBXResourcesBuildPhase;
			buildActionMask = 2147483647;
			files = (
				DDC075011C98FBDD008DC9A3 /* Main.storyboard in Resources */,
				DDC075581C9907A5008DC9A3 /* custom_4.png in Resources */,
				4A9512C61C9054CD002658FB /* LaunchScreen.storyboard in Resources */,
				DDC0755A1C9907A5008DC9A3 /* custom_center.png in Resources */,
				DDC0758A1C990938008DC9A3 /* Photo.json in Resources */,
				DDC075001C98FBDD008DC9A3 /* Home.storyboard in Resources */,
				4A5D94FE1CA65B10007F0660 /* NSArryData.json in Resources */,
				DDC075591C9907A5008DC9A3 /* custom_5.png in Resources */,
				4A9512C31C9054CD002658FB /* Assets.xcassets in Resources */,
				DDD16BDB1CA5283E001D533E /* AboutMenu.storyboard in Resources */,
				DDC075571C9907A5008DC9A3 /* custom_3.png in Resources */,
				DDC075551C9907A5008DC9A3 /* custom_1.png in Resources */,
				DDC075021C98FBDD008DC9A3 /* Picture.storyboard in Resources */,
				DDC075561C9907A5008DC9A3 /* custom_2.png in Resources */,
			);
			runOnlyForDeploymentPostprocessing = 0;
		};
		4A9512CA1C9054CD002658FB /* Resources */ = {
			isa = PBXResourcesBuildPhase;
			buildActionMask = 2147483647;
			files = (
			);
			runOnlyForDeploymentPostprocessing = 0;
		};
		4A9512D51C9054CD002658FB /* Resources */ = {
			isa = PBXResourcesBuildPhase;
			buildActionMask = 2147483647;
			files = (
			);
			runOnlyForDeploymentPostprocessing = 0;
		};
/* End PBXResourcesBuildPhase section */

/* Begin PBXShellScriptBuildPhase section */
		C2DCFCE85BF452B7E1EAC0AF /* Copy Pods Resources */ = {
			isa = PBXShellScriptBuildPhase;
			buildActionMask = 2147483647;
			files = (
			);
			inputPaths = (
			);
			name = "Copy Pods Resources";
			outputPaths = (
			);
			runOnlyForDeploymentPostprocessing = 0;
			shellPath = /bin/sh;
			shellScript = "\"${SRCROOT}/Pods/Target Support Files/Pods/Pods-resources.sh\"\n";
			showEnvVarsInLog = 0;
		};
		EE46EF7A17E639238D178801 /* Check Pods Manifest.lock */ = {
			isa = PBXShellScriptBuildPhase;
			buildActionMask = 2147483647;
			files = (
			);
			inputPaths = (
			);
			name = "Check Pods Manifest.lock";
			outputPaths = (
			);
			runOnlyForDeploymentPostprocessing = 0;
			shellPath = /bin/sh;
			shellScript = "diff \"${PODS_ROOT}/../Podfile.lock\" \"${PODS_ROOT}/Manifest.lock\" > /dev/null\nif [[ $? != 0 ]] ; then\n    cat << EOM\nerror: The sandbox is not in sync with the Podfile.lock. Run 'pod install' or update your CocoaPods installation.\nEOM\n    exit 1\nfi\n";
			showEnvVarsInLog = 0;
		};
/* End PBXShellScriptBuildPhase section */

/* Begin PBXSourcesBuildPhase section */
		4A9512AF1C9054CD002658FB /* Sources */ = {
			isa = PBXSourcesBuildPhase;
			buildActionMask = 2147483647;
			files = (
				4A9512EB1C90591D002658FB /* SCRootNavigationViewController.m in Sources */,
				DDC075811C990820008DC9A3 /* ORBasePageListModel.m in Sources */,
				DDC0750B1C98FC04008DC9A3 /* SCNewsTableViewController.m in Sources */,
				4A5D951C1CA65C41007F0660 /* GSHTTPTask.m in Sources */,
				4A5D95211CA65C41007F0660 /* ORBaseHttpTask.m in Sources */,
				4A5D952F1CA664AC007F0660 /* SCPictureViewModel.m in Sources */,
				4A5D952A1CA65CAD007F0660 /* SecurityUtil.m in Sources */,
				4A9512BE1C9054CD002658FB /* ViewController.m in Sources */,
				4A5D94991CA63E1A007F0660 /* Jastor.m in Sources */,
				4A5D951F1CA65C41007F0660 /* GSTaskEngine.m in Sources */,
				DDC075111C98FC32008DC9A3 /* YDHotTableViewCell.m in Sources */,
				DDC0750E1C98FC18008DC9A3 /* SCPictureTableViewController.m in Sources */,
				DDC075801C990820008DC9A3 /* ORBaseListModel.m in Sources */,
				DDC075731C990802008DC9A3 /* ViewUtil.m in Sources */,
				4A5D949A1CA63E1A007F0660 /* JastorRuntimeHelper.m in Sources */,
				DDC075791C990813008DC9A3 /* ORBaseViewController.m in Sources */,
				4A5D95281CA65CAD007F0660 /* AppUtil.m in Sources */,
				4A5D95291CA65CAD007F0660 /* DataUtil.m in Sources */,
				DDC0756A1C9907FA008DC9A3 /* Observer.m in Sources */,
				DDC0750A1C98FC04008DC9A3 /* SCHotViewController.m in Sources */,
				DDC075721C990802008DC9A3 /* ORLoadingIndicator.m in Sources */,
				4A9512BB1C9054CD002658FB /* AppDelegate.m in Sources */,
				4A5D951A1CA65C41007F0660 /* GSErrorDef.m in Sources */,
				DDC0752A1C98FD5B008DC9A3 /* SCPictureTableViewCell.m in Sources */,
				4A5D95071CA65C14007F0660 /* GSDataDef.m in Sources */,
				DDC075141C98FC8E008DC9A3 /* WMLoopView.m in Sources */,
				DDC075781C990813008DC9A3 /* ORBaseTableViewController.m in Sources */,
				4A9512EE1C905969002658FB /* SCRootBarViewController.m in Sources */,
				DDC075611C9907B1008DC9A3 /* DCSubButton.m in Sources */,
				4A5D94801CA557F1007F0660 /* SCNewsTableViewCell.m in Sources */,
				4A5D951B1CA65C41007F0660 /* GSHTTPRequestOperationManager.m in Sources */,
				4A5D95201CA65C41007F0660 /* GSTaskResponse.m in Sources */,
				4A9512B81C9054CD002658FB /* main.m in Sources */,
				4A5D951D1CA65C41007F0660 /* GSHTTPURLRequestSerializer.m in Sources */,
				4A5D95081CA65C14007F0660 /* GSDataEngine.m in Sources */,
				DDC075821C990820008DC9A3 /* BaseModel.m in Sources */,
				4A5D951E1CA65C41007F0660 /* GSTask.m in Sources */,
				DDC075671C9907D3008DC9A3 /* ORAppUtil.m in Sources */,
				DDC075091C98FC04008DC9A3 /* SCHomeViewController.m in Sources */,
				DDC075851C99082F008DC9A3 /* ORColorUtil.m in Sources */,
				DDC075711C990802008DC9A3 /* ORIndicatorView.m in Sources */,
				DDD16BD91CA5281D001D533E /* SCMenuLeftViewController.m in Sources */,
				DDC075601C9907B1008DC9A3 /* DCPathButton.m in Sources */,
				4A5D95091CA65C14007F0660 /* GSUserSetting.m in Sources */,
			);
			runOnlyForDeploymentPostprocessing = 0;
		};
		4A9512C81C9054CD002658FB /* Sources */ = {
			isa = PBXSourcesBuildPhase;
			buildActionMask = 2147483647;
			files = (
				4A9512D11C9054CD002658FB /* scholarsTests.m in Sources */,
			);
			runOnlyForDeploymentPostprocessing = 0;
		};
		4A9512D31C9054CD002658FB /* Sources */ = {
			isa = PBXSourcesBuildPhase;
			buildActionMask = 2147483647;
			files = (
				4A9512DC1C9054CD002658FB /* scholarsUITests.m in Sources */,
			);
			runOnlyForDeploymentPostprocessing = 0;
		};
/* End PBXSourcesBuildPhase section */

/* Begin PBXTargetDependency section */
		4A9512CE1C9054CD002658FB /* PBXTargetDependency */ = {
			isa = PBXTargetDependency;
			target = 4A9512B21C9054CD002658FB /* scholars */;
			targetProxy = 4A9512CD1C9054CD002658FB /* PBXContainerItemProxy */;
		};
		4A9512D91C9054CD002658FB /* PBXTargetDependency */ = {
			isa = PBXTargetDependency;
			target = 4A9512B21C9054CD002658FB /* scholars */;
			targetProxy = 4A9512D81C9054CD002658FB /* PBXContainerItemProxy */;
		};
/* End PBXTargetDependency section */

/* Begin PBXVariantGroup section */
		4A9512C41C9054CD002658FB /* LaunchScreen.storyboard */ = {
			isa = PBXVariantGroup;
			children = (
				4A9512C51C9054CD002658FB /* Base */,
			);
			name = LaunchScreen.storyboard;
			sourceTree = "<group>";
		};
/* End PBXVariantGroup section */

/* Begin XCBuildConfiguration section */
		4A9512DE1C9054CD002658FB /* Debug */ = {
			isa = XCBuildConfiguration;
			buildSettings = {
				ALWAYS_SEARCH_USER_PATHS = NO;
				CLANG_CXX_LANGUAGE_STANDARD = "gnu++0x";
				CLANG_CXX_LIBRARY = "libc++";
				CLANG_ENABLE_MODULES = YES;
				CLANG_ENABLE_OBJC_ARC = YES;
				CLANG_WARN_BOOL_CONVERSION = YES;
				CLANG_WARN_CONSTANT_CONVERSION = YES;
				CLANG_WARN_DIRECT_OBJC_ISA_USAGE = YES_ERROR;
				CLANG_WARN_EMPTY_BODY = YES;
				CLANG_WARN_ENUM_CONVERSION = YES;
				CLANG_WARN_INT_CONVERSION = YES;
				CLANG_WARN_OBJC_ROOT_CLASS = YES_ERROR;
				CLANG_WARN_UNREACHABLE_CODE = YES;
				CLANG_WARN__DUPLICATE_METHOD_MATCH = YES;
				"CODE_SIGN_IDENTITY[sdk=iphoneos*]" = "iPhone Developer";
				COPY_PHASE_STRIP = NO;
				DEBUG_INFORMATION_FORMAT = dwarf;
				ENABLE_STRICT_OBJC_MSGSEND = YES;
				ENABLE_TESTABILITY = YES;
				GCC_C_LANGUAGE_STANDARD = gnu99;
				GCC_DYNAMIC_NO_PIC = NO;
				GCC_NO_COMMON_BLOCKS = YES;
				GCC_OPTIMIZATION_LEVEL = 0;
				GCC_PREPROCESSOR_DEFINITIONS = (
					"DEBUG=1",
					"$(inherited)",
				);
				GCC_WARN_64_TO_32_BIT_CONVERSION = YES;
				GCC_WARN_ABOUT_RETURN_TYPE = YES_ERROR;
				GCC_WARN_UNDECLARED_SELECTOR = YES;
				GCC_WARN_UNINITIALIZED_AUTOS = YES_AGGRESSIVE;
				GCC_WARN_UNUSED_FUNCTION = YES;
				GCC_WARN_UNUSED_VARIABLE = YES;
				IPHONEOS_DEPLOYMENT_TARGET = 9.2;
				MTL_ENABLE_DEBUG_INFO = YES;
				ONLY_ACTIVE_ARCH = YES;
				SDKROOT = iphoneos;
			};
			name = Debug;
		};
		4A9512DF1C9054CD002658FB /* Release */ = {
			isa = XCBuildConfiguration;
			buildSettings = {
				ALWAYS_SEARCH_USER_PATHS = NO;
				CLANG_CXX_LANGUAGE_STANDARD = "gnu++0x";
				CLANG_CXX_LIBRARY = "libc++";
				CLANG_ENABLE_MODULES = YES;
				CLANG_ENABLE_OBJC_ARC = YES;
				CLANG_WARN_BOOL_CONVERSION = YES;
				CLANG_WARN_CONSTANT_CONVERSION = YES;
				CLANG_WARN_DIRECT_OBJC_ISA_USAGE = YES_ERROR;
				CLANG_WARN_EMPTY_BODY = YES;
				CLANG_WARN_ENUM_CONVERSION = YES;
				CLANG_WARN_INT_CONVERSION = YES;
				CLANG_WARN_OBJC_ROOT_CLASS = YES_ERROR;
				CLANG_WARN_UNREACHABLE_CODE = YES;
				CLANG_WARN__DUPLICATE_METHOD_MATCH = YES;
				"CODE_SIGN_IDENTITY[sdk=iphoneos*]" = "iPhone Developer";
				COPY_PHASE_STRIP = NO;
				DEBUG_INFORMATION_FORMAT = "dwarf-with-dsym";
				ENABLE_NS_ASSERTIONS = NO;
				ENABLE_STRICT_OBJC_MSGSEND = YES;
				GCC_C_LANGUAGE_STANDARD = gnu99;
				GCC_NO_COMMON_BLOCKS = YES;
				GCC_WARN_64_TO_32_BIT_CONVERSION = YES;
				GCC_WARN_ABOUT_RETURN_TYPE = YES_ERROR;
				GCC_WARN_UNDECLARED_SELECTOR = YES;
				GCC_WARN_UNINITIALIZED_AUTOS = YES_AGGRESSIVE;
				GCC_WARN_UNUSED_FUNCTION = YES;
				GCC_WARN_UNUSED_VARIABLE = YES;
				IPHONEOS_DEPLOYMENT_TARGET = 9.2;
				MTL_ENABLE_DEBUG_INFO = NO;
				SDKROOT = iphoneos;
				VALIDATE_PRODUCT = YES;
			};
			name = Release;
		};
		4A9512E11C9054CD002658FB /* Debug */ = {
			isa = XCBuildConfiguration;
			baseConfigurationReference = CCEED669B0F500150937771F /* Pods.debug.xcconfig */;
			buildSettings = {
				ASSETCATALOG_COMPILER_APPICON_NAME = AppIcon;
				GCC_PREFIX_HEADER = "$(SRCROOT)/scholars/scholars.pch";
				INFOPLIST_FILE = scholars/Info.plist;
				IPHONEOS_DEPLOYMENT_TARGET = 7.1;
				LD_RUNPATH_SEARCH_PATHS = "$(inherited) @executable_path/Frameworks";
				PRODUCT_BUNDLE_IDENTIFIER = scholars.scholars;
				PRODUCT_NAME = "$(TARGET_NAME)";
			};
			name = Debug;
		};
		4A9512E21C9054CD002658FB /* Release */ = {
			isa = XCBuildConfiguration;
			baseConfigurationReference = C7A0347DB6C9F51FCD74CB16 /* Pods.release.xcconfig */;
			buildSettings = {
				ASSETCATALOG_COMPILER_APPICON_NAME = AppIcon;
				GCC_PREFIX_HEADER = "$(SRCROOT)/scholars/scholars.pch";
				INFOPLIST_FILE = scholars/Info.plist;
				IPHONEOS_DEPLOYMENT_TARGET = 7.1;
				LD_RUNPATH_SEARCH_PATHS = "$(inherited) @executable_path/Frameworks";
				PRODUCT_BUNDLE_IDENTIFIER = scholars.scholars;
				PRODUCT_NAME = "$(TARGET_NAME)";
			};
			name = Release;
		};
		4A9512E41C9054CD002658FB /* Debug */ = {
			isa = XCBuildConfiguration;
			buildSettings = {
				BUNDLE_LOADER = "$(TEST_HOST)";
				INFOPLIST_FILE = scholarsTests/Info.plist;
				LD_RUNPATH_SEARCH_PATHS = "$(inherited) @executable_path/Frameworks @loader_path/Frameworks";
				PRODUCT_BUNDLE_IDENTIFIER = Xiong.scholarsTests;
				PRODUCT_NAME = "$(TARGET_NAME)";
				TEST_HOST = "$(BUILT_PRODUCTS_DIR)/scholars.app/scholars";
			};
			name = Debug;
		};
		4A9512E51C9054CD002658FB /* Release */ = {
			isa = XCBuildConfiguration;
			buildSettings = {
				BUNDLE_LOADER = "$(TEST_HOST)";
				INFOPLIST_FILE = scholarsTests/Info.plist;
				LD_RUNPATH_SEARCH_PATHS = "$(inherited) @executable_path/Frameworks @loader_path/Frameworks";
				PRODUCT_BUNDLE_IDENTIFIER = Xiong.scholarsTests;
				PRODUCT_NAME = "$(TARGET_NAME)";
				TEST_HOST = "$(BUILT_PRODUCTS_DIR)/scholars.app/scholars";
			};
			name = Release;
		};
		4A9512E71C9054CD002658FB /* Debug */ = {
			isa = XCBuildConfiguration;
			buildSettings = {
				INFOPLIST_FILE = scholarsUITests/Info.plist;
				LD_RUNPATH_SEARCH_PATHS = "$(inherited) @executable_path/Frameworks @loader_path/Frameworks";
				PRODUCT_BUNDLE_IDENTIFIER = Xiong.scholarsUITests;
				PRODUCT_NAME = "$(TARGET_NAME)";
				TEST_TARGET_NAME = scholars;
				USES_XCTRUNNER = YES;
			};
			name = Debug;
		};
		4A9512E81C9054CD002658FB /* Release */ = {
			isa = XCBuildConfiguration;
			buildSettings = {
				INFOPLIST_FILE = scholarsUITests/Info.plist;
				LD_RUNPATH_SEARCH_PATHS = "$(inherited) @executable_path/Frameworks @loader_path/Frameworks";
				PRODUCT_BUNDLE_IDENTIFIER = Xiong.scholarsUITests;
				PRODUCT_NAME = "$(TARGET_NAME)";
				TEST_TARGET_NAME = scholars;
				USES_XCTRUNNER = YES;
			};
			name = Release;
		};
/* End XCBuildConfiguration section */

/* Begin XCConfigurationList section */
		4A9512AE1C9054CD002658FB /* Build configuration list for PBXProject "scholars" */ = {
			isa = XCConfigurationList;
			buildConfigurations = (
				4A9512DE1C9054CD002658FB /* Debug */,
				4A9512DF1C9054CD002658FB /* Release */,
			);
			defaultConfigurationIsVisible = 0;
			defaultConfigurationName = Release;
		};
		4A9512E01C9054CD002658FB /* Build configuration list for PBXNativeTarget "scholars" */ = {
			isa = XCConfigurationList;
			buildConfigurations = (
				4A9512E11C9054CD002658FB /* Debug */,
				4A9512E21C9054CD002658FB /* Release */,
			);
			defaultConfigurationIsVisible = 0;
			defaultConfigurationName = Release;
		};
		4A9512E31C9054CD002658FB /* Build configuration list for PBXNativeTarget "scholarsTests" */ = {
			isa = XCConfigurationList;
			buildConfigurations = (
				4A9512E41C9054CD002658FB /* Debug */,
				4A9512E51C9054CD002658FB /* Release */,
			);
			defaultConfigurationIsVisible = 0;
			defaultConfigurationName = Release;
		};
		4A9512E61C9054CD002658FB /* Build configuration list for PBXNativeTarget "scholarsUITests" */ = {
			isa = XCConfigurationList;
			buildConfigurations = (
				4A9512E71C9054CD002658FB /* Debug */,
				4A9512E81C9054CD002658FB /* Release */,
			);
			defaultConfigurationIsVisible = 0;
			defaultConfigurationName = Release;
		};
/* End XCConfigurationList section */
	};
	rootObject = 4A9512AB1C9054CD002658FB /* Project object */;
}
