// !$*UTF8*$!
{
	archiveVersion = 1;
	classes = {
	};
	objectVersion = 46;
	objects = {

/* Begin PBXBuildFile section */
		4A72871C1C91A7A5005581F3 /* YDHotTableViewCell.m in Sources */ = {isa = PBXBuildFile; fileRef = 4A72871B1C91A7A5005581F3 /* YDHotTableViewCell.m */; };
		4A72871F1C91A82D005581F3 /* SCNewsTableViewController.m in Sources */ = {isa = PBXBuildFile; fileRef = 4A72871E1C91A82D005581F3 /* SCNewsTableViewController.m */; };
		4A7287221C91A9A6005581F3 /* WMLoopView.m in Sources */ = {isa = PBXBuildFile; fileRef = 4A7287211C91A9A6005581F3 /* WMLoopView.m */; };
		4A9512B81C9054CD002658FB /* main.m in Sources */ = {isa = PBXBuildFile; fileRef = 4A9512B71C9054CD002658FB /* main.m */; };
		4A9512BB1C9054CD002658FB /* AppDelegate.m in Sources */ = {isa = PBXBuildFile; fileRef = 4A9512BA1C9054CD002658FB /* AppDelegate.m */; };
		4A9512BE1C9054CD002658FB /* ViewController.m in Sources */ = {isa = PBXBuildFile; fileRef = 4A9512BD1C9054CD002658FB /* ViewController.m */; };
		4A9512C11C9054CD002658FB /* Main.storyboard in Resources */ = {isa = PBXBuildFile; fileRef = 4A9512BF1C9054CD002658FB /* Main.storyboard */; };
		4A9512C31C9054CD002658FB /* Assets.xcassets in Resources */ = {isa = PBXBuildFile; fileRef = 4A9512C21C9054CD002658FB /* Assets.xcassets */; };
		4A9512C61C9054CD002658FB /* LaunchScreen.storyboard in Resources */ = {isa = PBXBuildFile; fileRef = 4A9512C41C9054CD002658FB /* LaunchScreen.storyboard */; };
		4A9512D11C9054CD002658FB /* scholarsTests.m in Sources */ = {isa = PBXBuildFile; fileRef = 4A9512D01C9054CD002658FB /* scholarsTests.m */; };
		4A9512DC1C9054CD002658FB /* scholarsUITests.m in Sources */ = {isa = PBXBuildFile; fileRef = 4A9512DB1C9054CD002658FB /* scholarsUITests.m */; };
		4A9512EB1C90591D002658FB /* SCRootNavigationViewController.m in Sources */ = {isa = PBXBuildFile; fileRef = 4A9512EA1C90591D002658FB /* SCRootNavigationViewController.m */; };
		4A9512EE1C905969002658FB /* SCRootBarViewController.m in Sources */ = {isa = PBXBuildFile; fileRef = 4A9512ED1C905969002658FB /* SCRootBarViewController.m */; };
		4A9512F11C905BD1002658FB /* Home.storyboard in Resources */ = {isa = PBXBuildFile; fileRef = 4A9512F01C905BD1002658FB /* Home.storyboard */; };
		4A9513011C90659B002658FB /* SCHomeViewController.m in Sources */ = {isa = PBXBuildFile; fileRef = 4A9513001C90659B002658FB /* SCHomeViewController.m */; };
		4AA536A31C9542B6007D5AB8 /* SCNewsTableViewCell.m in Sources */ = {isa = PBXBuildFile; fileRef = 4AA536A21C9542B6007D5AB8 /* SCNewsTableViewCell.m */; };
		5170B32AD66868A92D1EE638 /* libPods.a in Frameworks */ = {isa = PBXBuildFile; fileRef = DC905B201A04C14CA6E63179 /* libPods.a */; };
		DDD0F7581C912A7600F81EBF /* SCHotViewController.m in Sources */ = {isa = PBXBuildFile; fileRef = DDD0F7571C912A7600F81EBF /* SCHotViewController.m */; };
		DDD0F7601C9150BE00F81EBF /* ORColorUtil.m in Sources */ = {isa = PBXBuildFile; fileRef = DDD0F75F1C9150BE00F81EBF /* ORColorUtil.m */; };
/* End PBXBuildFile section */

/* Begin PBXContainerItemProxy section */
		4A9512CD1C9054CD002658FB /* PBXContainerItemProxy */ = {
			isa = PBXContainerItemProxy;
			containerPortal = 4A9512AB1C9054CD002658FB /* Project object */;
			proxyType = 1;
			remoteGlobalIDString = 4A9512B21C9054CD002658FB;
			remoteInfo = scholars;
		};
		4A9512D81C9054CD002658FB /* PBXContainerItemProxy */ = {
			isa = PBXContainerItemProxy;
			containerPortal = 4A9512AB1C9054CD002658FB /* Project object */;
			proxyType = 1;
			remoteGlobalIDString = 4A9512B21C9054CD002658FB;
			remoteInfo = scholars;
		};
/* End PBXContainerItemProxy section */

/* Begin PBXFileReference section */
		4A72871A1C91A7A5005581F3 /* YDHotTableViewCell.h */ = {isa = PBXFileReference; fileEncoding = 4; lastKnownFileType = sourcecode.c.h; name = YDHotTableViewCell.h; path = View/Home/YDHotTableViewCell.h; sourceTree = "<group>"; };
		4A72871B1C91A7A5005581F3 /* YDHotTableViewCell.m */ = {isa = PBXFileReference; fileEncoding = 4; lastKnownFileType = sourcecode.c.objc; name = YDHotTableViewCell.m; path = View/Home/YDHotTableViewCell.m; sourceTree = "<group>"; };
		4A72871D1C91A82D005581F3 /* SCNewsTableViewController.h */ = {isa = PBXFileReference; fileEncoding = 4; lastKnownFileType = sourcecode.c.h; name = SCNewsTableViewController.h; path = Code/Home/SCNewsTableViewController.h; sourceTree = "<group>"; };
		4A72871E1C91A82D005581F3 /* SCNewsTableViewController.m */ = {isa = PBXFileReference; fileEncoding = 4; lastKnownFileType = sourcecode.c.objc; name = SCNewsTableViewController.m; path = Code/Home/SCNewsTableViewController.m; sourceTree = "<group>"; };
		4A7287201C91A9A6005581F3 /* WMLoopView.h */ = {isa = PBXFileReference; fileEncoding = 4; lastKnownFileType = sourcecode.c.h; path = WMLoopView.h; sourceTree = "<group>"; };
		4A7287211C91A9A6005581F3 /* WMLoopView.m */ = {isa = PBXFileReference; fileEncoding = 4; lastKnownFileType = sourcecode.c.objc; path = WMLoopView.m; sourceTree = "<group>"; };
		4A9512B31C9054CD002658FB /* scholars.app */ = {isa = PBXFileReference; explicitFileType = wrapper.application; includeInIndex = 0; path = scholars.app; sourceTree = BUILT_PRODUCTS_DIR; };
		4A9512B71C9054CD002658FB /* main.m */ = {isa = PBXFileReference; lastKnownFileType = sourcecode.c.objc; path = main.m; sourceTree = "<group>"; };
		4A9512B91C9054CD002658FB /* AppDelegate.h */ = {isa = PBXFileReference; lastKnownFileType = sourcecode.c.h; path = AppDelegate.h; sourceTree = "<group>"; };
		4A9512BA1C9054CD002658FB /* AppDelegate.m */ = {isa = PBXFileReference; lastKnownFileType = sourcecode.c.objc; path = AppDelegate.m; sourceTree = "<group>"; };
		4A9512BC1C9054CD002658FB /* ViewController.h */ = {isa = PBXFileReference; lastKnownFileType = sourcecode.c.h; path = ViewController.h; sourceTree = "<group>"; };
		4A9512BD1C9054CD002658FB /* ViewController.m */ = {isa = PBXFileReference; lastKnownFileType = sourcecode.c.objc; path = ViewController.m; sourceTree = "<group>"; };
		4A9512C01C9054CD002658FB /* Base */ = {isa = PBXFileReference; lastKnownFileType = file.storyboard; name = Base; path = Base.lproj/Main.storyboard; sourceTree = "<group>"; };
		4A9512C21C9054CD002658FB /* Assets.xcassets */ = {isa = PBXFileReference; lastKnownFileType = folder.assetcatalog; path = Assets.xcassets; sourceTree = "<group>"; };
		4A9512C51C9054CD002658FB /* Base */ = {isa = PBXFileReference; lastKnownFileType = file.storyboard; name = Base; path = Base.lproj/LaunchScreen.storyboard; sourceTree = "<group>"; };
		4A9512C71C9054CD002658FB /* Info.plist */ = {isa = PBXFileReference; lastKnownFileType = text.plist.xml; path = Info.plist; sourceTree = "<group>"; };
		4A9512CC1C9054CD002658FB /* scholarsTests.xctest */ = {isa = PBXFileReference; explicitFileType = wrapper.cfbundle; includeInIndex = 0; path = scholarsTests.xctest; sourceTree = BUILT_PRODUCTS_DIR; };
		4A9512D01C9054CD002658FB /* scholarsTests.m */ = {isa = PBXFileReference; lastKnownFileType = sourcecode.c.objc; path = scholarsTests.m; sourceTree = "<group>"; };
		4A9512D21C9054CD002658FB /* Info.plist */ = {isa = PBXFileReference; lastKnownFileType = text.plist.xml; path = Info.plist; sourceTree = "<group>"; };
		4A9512D71C9054CD002658FB /* scholarsUITests.xctest */ = {isa = PBXFileReference; explicitFileType = wrapper.cfbundle; includeInIndex = 0; path = scholarsUITests.xctest; sourceTree = BUILT_PRODUCTS_DIR; };
		4A9512DB1C9054CD002658FB /* scholarsUITests.m */ = {isa = PBXFileReference; lastKnownFileType = sourcecode.c.objc; path = scholarsUITests.m; sourceTree = "<group>"; };
		4A9512DD1C9054CD002658FB /* Info.plist */ = {isa = PBXFileReference; lastKnownFileType = text.plist.xml; path = Info.plist; sourceTree = "<group>"; };
		4A9512E91C90591D002658FB /* SCRootNavigationViewController.h */ = {isa = PBXFileReference; fileEncoding = 4; lastKnownFileType = sourcecode.c.h; path = SCRootNavigationViewController.h; sourceTree = "<group>"; };
		4A9512EA1C90591D002658FB /* SCRootNavigationViewController.m */ = {isa = PBXFileReference; fileEncoding = 4; lastKnownFileType = sourcecode.c.objc; path = SCRootNavigationViewController.m; sourceTree = "<group>"; };
		4A9512EC1C905969002658FB /* SCRootBarViewController.h */ = {isa = PBXFileReference; fileEncoding = 4; lastKnownFileType = sourcecode.c.h; path = SCRootBarViewController.h; sourceTree = "<group>"; };
		4A9512ED1C905969002658FB /* SCRootBarViewController.m */ = {isa = PBXFileReference; fileEncoding = 4; lastKnownFileType = sourcecode.c.objc; path = SCRootBarViewController.m; sourceTree = "<group>"; };
		4A9512F01C905BD1002658FB /* Home.storyboard */ = {isa = PBXFileReference; fileEncoding = 4; lastKnownFileType = file.storyboard; path = Home.storyboard; sourceTree = "<group>"; };
		4A9512FF1C90659B002658FB /* SCHomeViewController.h */ = {isa = PBXFileReference; fileEncoding = 4; lastKnownFileType = sourcecode.c.h; name = SCHomeViewController.h; path = Code/Home/SCHomeViewController.h; sourceTree = "<group>"; };
		4A9513001C90659B002658FB /* SCHomeViewController.m */ = {isa = PBXFileReference; fileEncoding = 4; lastKnownFileType = sourcecode.c.objc; name = SCHomeViewController.m; path = Code/Home/SCHomeViewController.m; sourceTree = "<group>"; };
		4AA536A11C9542B6007D5AB8 /* SCNewsTableViewCell.h */ = {isa = PBXFileReference; fileEncoding = 4; lastKnownFileType = sourcecode.c.h; name = SCNewsTableViewCell.h; path = View/Home/SCNewsTableViewCell.h; sourceTree = "<group>"; };
		4AA536A21C9542B6007D5AB8 /* SCNewsTableViewCell.m */ = {isa = PBXFileReference; fileEncoding = 4; lastKnownFileType = sourcecode.c.objc; name = SCNewsTableViewCell.m; path = View/Home/SCNewsTableViewCell.m; sourceTree = "<group>"; };
		C7A0347DB6C9F51FCD74CB16 /* Pods.release.xcconfig */ = {isa = PBXFileReference; includeInIndex = 1; lastKnownFileType = text.xcconfig; name = Pods.release.xcconfig; path = "Pods/Target Support Files/Pods/Pods.release.xcconfig"; sourceTree = "<group>"; };
		CCEED669B0F500150937771F /* Pods.debug.xcconfig */ = {isa = PBXFileReference; includeInIndex = 1; lastKnownFileType = text.xcconfig; name = Pods.debug.xcconfig; path = "Pods/Target Support Files/Pods/Pods.debug.xcconfig"; sourceTree = "<group>"; };
		DC905B201A04C14CA6E63179 /* libPods.a */ = {isa = PBXFileReference; explicitFileType = archive.ar; includeInIndex = 0; path = libPods.a; sourceTree = BUILT_PRODUCTS_DIR; };
		DDD0F7561C912A7600F81EBF /* SCHotViewController.h */ = {isa = PBXFileReference; fileEncoding = 4; lastKnownFileType = sourcecode.c.h; name = SCHotViewController.h; path = Code/Home/SCHotViewController.h; sourceTree = "<group>"; };
		DDD0F7571C912A7600F81EBF /* SCHotViewController.m */ = {isa = PBXFileReference; fileEncoding = 4; lastKnownFileType = sourcecode.c.objc; name = SCHotViewController.m; path = Code/Home/SCHotViewController.m; sourceTree = "<group>"; };
		DDD0F75E1C9150BE00F81EBF /* ORColorUtil.h */ = {isa = PBXFileReference; fileEncoding = 4; lastKnownFileType = sourcecode.c.h; name = ORColorUtil.h; path = Other/ColorUtil/ORColorUtil.h; sourceTree = "<group>"; };
		DDD0F75F1C9150BE00F81EBF /* ORColorUtil.m */ = {isa = PBXFileReference; fileEncoding = 4; lastKnownFileType = sourcecode.c.objc; name = ORColorUtil.m; path = Other/ColorUtil/ORColorUtil.m; sourceTree = "<group>"; };
/* End PBXFileReference section */

/* Begin PBXFrameworksBuildPhase section */
		4A9512B01C9054CD002658FB /* Frameworks */ = {
			isa = PBXFrameworksBuildPhase;
			buildActionMask = 2147483647;
			files = (
				5170B32AD66868A92D1EE638 /* libPods.a in Frameworks */,
			);
			runOnlyForDeploymentPostprocessing = 0;
		};
		4A9512C91C9054CD002658FB /* Frameworks */ = {
			isa = PBXFrameworksBuildPhase;
			buildActionMask = 2147483647;
			files = (
			);
			runOnlyForDeploymentPostprocessing = 0;
		};
		4A9512D41C9054CD002658FB /* Frameworks */ = {
			isa = PBXFrameworksBuildPhase;
			buildActionMask = 2147483647;
			files = (
			);
			runOnlyForDeploymentPostprocessing = 0;
		};
/* End PBXFrameworksBuildPhase section */

/* Begin PBXGroup section */
		406CB07369DF932379FE0C26 /* Frameworks */ = {
			isa = PBXGroup;
			children = (
				DC905B201A04C14CA6E63179 /* libPods.a */,
			);
			name = Frameworks;
			sourceTree = "<group>";
		};
		4A7287231C91AB0D005581F3 /* Banner */ = {
			isa = PBXGroup;
			children = (
				4A7287201C91A9A6005581F3 /* WMLoopView.h */,
				4A7287211C91A9A6005581F3 /* WMLoopView.m */,
			);
			name = Banner;
			sourceTree = "<group>";
		};
		4A9512AA1C9054CD002658FB = {
			isa = PBXGroup;
			children = (
				4A9512B51C9054CD002658FB /* scholars */,
				4A9512CF1C9054CD002658FB /* scholarsTests */,
				4A9512DA1C9054CD002658FB /* scholarsUITests */,
				4A9512B41C9054CD002658FB /* Products */,
				6153F8FF4EAD98C151FA234E /* Pods */,
				406CB07369DF932379FE0C26 /* Frameworks */,
			);
			sourceTree = "<group>";
		};
		4A9512B41C9054CD002658FB /* Products */ = {
			isa = PBXGroup;
			children = (
				4A9512B31C9054CD002658FB /* scholars.app */,
				4A9512CC1C9054CD002658FB /* scholarsTests.xctest */,
				4A9512D71C9054CD002658FB /* scholarsUITests.xctest */,
			);
			name = Products;
			sourceTree = "<group>";
		};
		4A9512B51C9054CD002658FB /* scholars */ = {
			isa = PBXGroup;
			children = (
				4A9512EF1C905B98002658FB /* Storyboard */,
				4A9512F31C906172002658FB /* Code */,
				4A9512FA1C9063E2002658FB /* View */,
				4A9512B91C9054CD002658FB /* AppDelegate.h */,
				4A9512BA1C9054CD002658FB /* AppDelegate.m */,
				4A9512BC1C9054CD002658FB /* ViewController.h */,
				4A9512BD1C9054CD002658FB /* ViewController.m */,
				4A9512C21C9054CD002658FB /* Assets.xcassets */,
				4A9512C41C9054CD002658FB /* LaunchScreen.storyboard */,
				4A9512C71C9054CD002658FB /* Info.plist */,
				DDD0F7591C91503C00F81EBF /* Other */,
				4A9512B61C9054CD002658FB /* Supporting Files */,
				4A9512E91C90591D002658FB /* SCRootNavigationViewController.h */,
				4A9512EA1C90591D002658FB /* SCRootNavigationViewController.m */,
				4A9512EC1C905969002658FB /* SCRootBarViewController.h */,
				4A9512ED1C905969002658FB /* SCRootBarViewController.m */,
			);
			path = scholars;
			sourceTree = "<group>";
		};
		4A9512B61C9054CD002658FB /* Supporting Files */ = {
			isa = PBXGroup;
			children = (
				4A9512B71C9054CD002658FB /* main.m */,
			);
			name = "Supporting Files";
			sourceTree = "<group>";
		};
		4A9512CF1C9054CD002658FB /* scholarsTests */ = {
			isa = PBXGroup;
			children = (
				4A9512D01C9054CD002658FB /* scholarsTests.m */,
				4A9512D21C9054CD002658FB /* Info.plist */,
			);
			path = scholarsTests;
			sourceTree = "<group>";
		};
		4A9512DA1C9054CD002658FB /* scholarsUITests */ = {
			isa = PBXGroup;
			children = (
				4A9512DB1C9054CD002658FB /* scholarsUITests.m */,
				4A9512DD1C9054CD002658FB /* Info.plist */,
			);
			path = scholarsUITests;
			sourceTree = "<group>";
		};
		4A9512EF1C905B98002658FB /* Storyboard */ = {
			isa = PBXGroup;
			children = (
				DDD0F7161C91082000F81EBF /* Home */,
			);
			name = Storyboard;
			sourceTree = "<group>";
		};
		4A9512F21C906147002658FB /* Home */ = {
			isa = PBXGroup;
			children = (
				4A9512FF1C90659B002658FB /* SCHomeViewController.h */,
				4A9513001C90659B002658FB /* SCHomeViewController.m */,
				DDD0F7561C912A7600F81EBF /* SCHotViewController.h */,
				DDD0F7571C912A7600F81EBF /* SCHotViewController.m */,
				4A72871D1C91A82D005581F3 /* SCNewsTableViewController.h */,
				4A72871E1C91A82D005581F3 /* SCNewsTableViewController.m */,
			);
			name = Home;
			sourceTree = "<group>";
		};
		4A9512F31C906172002658FB /* Code */ = {
			isa = PBXGroup;
			children = (
				4A9512F21C906147002658FB /* Home */,
			);
			name = Code;
			sourceTree = "<group>";
		};
		4A9512FA1C9063E2002658FB /* View */ = {
			isa = PBXGroup;
			children = (
				4A9512FE1C9064D5002658FB /* Home */,
			);
			name = View;
			sourceTree = "<group>";
		};
		4A9512FE1C9064D5002658FB /* Home */ = {
			isa = PBXGroup;
			children = (
				4A7287231C91AB0D005581F3 /* Banner */,
				4A72871A1C91A7A5005581F3 /* YDHotTableViewCell.h */,
				4A72871B1C91A7A5005581F3 /* YDHotTableViewCell.m */,
				4AA536A11C9542B6007D5AB8 /* SCNewsTableViewCell.h */,
				4AA536A21C9542B6007D5AB8 /* SCNewsTableViewCell.m */,
			);
			name = Home;
			sourceTree = "<group>";
		};
		6153F8FF4EAD98C151FA234E /* Pods */ = {
			isa = PBXGroup;
			children = (
				CCEED669B0F500150937771F /* Pods.debug.xcconfig */,
				C7A0347DB6C9F51FCD74CB16 /* Pods.release.xcconfig */,
			);
			name = Pods;
			sourceTree = "<group>";
		};
		DDD0F7161C91082000F81EBF /* Home */ = {
			isa = PBXGroup;
			children = (
				4A9512BF1C9054CD002658FB /* Main.storyboard */,
				4A9512F01C905BD1002658FB /* Home.storyboard */,
			);
			name = Home;
			sourceTree = "<group>";
		};
		DDD0F7591C91503C00F81EBF /* Other */ = {
			isa = PBXGroup;
			children = (
				DDD0F75A1C91505300F81EBF /* ColorUtil */,
			);
			name = Other;
			sourceTree = "<group>";
		};
		DDD0F75A1C91505300F81EBF /* ColorUtil */ = {
			isa = PBXGroup;
			children = (
				DDD0F75E1C9150BE00F81EBF /* ORColorUtil.h */,
				DDD0F75F1C9150BE00F81EBF /* ORColorUtil.m */,
			);
			name = ColorUtil;
			sourceTree = "<group>";
		};
/* End PBXGroup section */

/* Begin PBXNativeTarget section */
		4A9512B21C9054CD002658FB /* scholars */ = {
			isa = PBXNativeTarget;
			buildConfigurationList = 4A9512E01C9054CD002658FB /* Build configuration list for PBXNativeTarget "scholars" */;
			buildPhases = (
				EE46EF7A17E639238D178801 /* Check Pods Manifest.lock */,
				4A9512AF1C9054CD002658FB /* Sources */,
				4A9512B01C9054CD002658FB /* Frameworks */,
				4A9512B11C9054CD002658FB /* Resources */,
				1545B0B41D7FF3E4B3DA0184 /* Embed Pods Frameworks */,
				C2DCFCE85BF452B7E1EAC0AF /* Copy Pods Resources */,
			);
			buildRules = (
			);
			dependencies = (
			);
			name = scholars;
			productName = scholars;
			productReference = 4A9512B31C9054CD002658FB /* scholars.app */;
			productType = "com.apple.product-type.application";
		};
		4A9512CB1C9054CD002658FB /* scholarsTests */ = {
			isa = PBXNativeTarget;
			buildConfigurationList = 4A9512E31C9054CD002658FB /* Build configuration list for PBXNativeTarget "scholarsTests" */;
			buildPhases = (
				4A9512C81C9054CD002658FB /* Sources */,
				4A9512C91C9054CD002658FB /* Frameworks */,
				4A9512CA1C9054CD002658FB /* Resources */,
			);
			buildRules = (
			);
			dependencies = (
				4A9512CE1C9054CD002658FB /* PBXTargetDependency */,
			);
			name = scholarsTests;
			productName = scholarsTests;
			productReference = 4A9512CC1C9054CD002658FB /* scholarsTests.xctest */;
			productType = "com.apple.product-type.bundle.unit-test";
		};
		4A9512D61C9054CD002658FB /* scholarsUITests */ = {
			isa = PBXNativeTarget;
			buildConfigurationList = 4A9512E61C9054CD002658FB /* Build configuration list for PBXNativeTarget "scholarsUITests" */;
			buildPhases = (
				4A9512D31C9054CD002658FB /* Sources */,
				4A9512D41C9054CD002658FB /* Frameworks */,
				4A9512D51C9054CD002658FB /* Resources */,
			);
			buildRules = (
			);
			dependencies = (
				4A9512D91C9054CD002658FB /* PBXTargetDependency */,
			);
			name = scholarsUITests;
			productName = scholarsUITests;
			productReference = 4A9512D71C9054CD002658FB /* scholarsUITests.xctest */;
			productType = "com.apple.product-type.bundle.ui-testing";
		};
/* End PBXNativeTarget section */

/* Begin PBXProject section */
		4A9512AB1C9054CD002658FB /* Project object */ = {
			isa = PBXProject;
			attributes = {
				LastUpgradeCheck = 0720;
				ORGANIZATIONNAME = "Mac Xiong";
				TargetAttributes = {
					4A9512B21C9054CD002658FB = {
						CreatedOnToolsVersion = 7.2;
					};
					4A9512CB1C9054CD002658FB = {
						CreatedOnToolsVersion = 7.2;
						TestTargetID = 4A9512B21C9054CD002658FB;
					};
					4A9512D61C9054CD002658FB = {
						CreatedOnToolsVersion = 7.2;
						TestTargetID = 4A9512B21C9054CD002658FB;
					};
				};
			};
			buildConfigurationList = 4A9512AE1C9054CD002658FB /* Build configuration list for PBXProject "scholars" */;
			compatibilityVersion = "Xcode 3.2";
			developmentRegion = English;
			hasScannedForEncodings = 0;
			knownRegions = (
				en,
				Base,
			);
			mainGroup = 4A9512AA1C9054CD002658FB;
			productRefGroup = 4A9512B41C9054CD002658FB /* Products */;
			projectDirPath = "";
			projectRoot = "";
			targets = (
				4A9512B21C9054CD002658FB /* scholars */,
				4A9512CB1C9054CD002658FB /* scholarsTests */,
				4A9512D61C9054CD002658FB /* scholarsUITests */,
			);
		};
/* End PBXProject section */

/* Begin PBXResourcesBuildPhase section */
		4A9512B11C9054CD002658FB /* Resources */ = {
			isa = PBXResourcesBuildPhase;
			buildActionMask = 2147483647;
			files = (
				4A9512C61C9054CD002658FB /* LaunchScreen.storyboard in Resources */,
				4A9512C31C9054CD002658FB /* Assets.xcassets in Resources */,
				4A9512C11C9054CD002658FB /* Main.storyboard in Resources */,
				4A9512F11C905BD1002658FB /* Home.storyboard in Resources */,
			);
			runOnlyForDeploymentPostprocessing = 0;
		};
		4A9512CA1C9054CD002658FB /* Resources */ = {
			isa = PBXResourcesBuildPhase;
			buildActionMask = 2147483647;
			files = (
			);
			runOnlyForDeploymentPostprocessing = 0;
		};
		4A9512D51C9054CD002658FB /* Resources */ = {
			isa = PBXResourcesBuildPhase;
			buildActionMask = 2147483647;
			files = (
			);
			runOnlyForDeploymentPostprocessing = 0;
		};
/* End PBXResourcesBuildPhase section */

/* Begin PBXShellScriptBuildPhase section */
		1545B0B41D7FF3E4B3DA0184 /* Embed Pods Frameworks */ = {
			isa = PBXShellScriptBuildPhase;
			buildActionMask = 2147483647;
			files = (
			);
			inputPaths = (
			);
			name = "Embed Pods Frameworks";
			outputPaths = (
			);
			runOnlyForDeploymentPostprocessing = 0;
			shellPath = /bin/sh;
			shellScript = "\"${SRCROOT}/Pods/Target Support Files/Pods/Pods-frameworks.sh\"\n";
			showEnvVarsInLog = 0;
		};
		C2DCFCE85BF452B7E1EAC0AF /* Copy Pods Resources */ = {
			isa = PBXShellScriptBuildPhase;
			buildActionMask = 2147483647;
			files = (
			);
			inputPaths = (
			);
			name = "Copy Pods Resources";
			outputPaths = (
			);
			runOnlyForDeploymentPostprocessing = 0;
			shellPath = /bin/sh;
			shellScript = "\"${SRCROOT}/Pods/Target Support Files/Pods/Pods-resources.sh\"\n";
			showEnvVarsInLog = 0;
		};
		EE46EF7A17E639238D178801 /* Check Pods Manifest.lock */ = {
			isa = PBXShellScriptBuildPhase;
			buildActionMask = 2147483647;
			files = (
			);
			inputPaths = (
			);
			name = "Check Pods Manifest.lock";
			outputPaths = (
			);
			runOnlyForDeploymentPostprocessing = 0;
			shellPath = /bin/sh;
			shellScript = "diff \"${PODS_ROOT}/../Podfile.lock\" \"${PODS_ROOT}/Manifest.lock\" > /dev/null\nif [[ $? != 0 ]] ; then\n    cat << EOM\nerror: The sandbox is not in sync with the Podfile.lock. Run 'pod install' or update your CocoaPods installation.\nEOM\n    exit 1\nfi\n";
			showEnvVarsInLog = 0;
		};
/* End PBXShellScriptBuildPhase section */

/* Begin PBXSourcesBuildPhase section */
		4A9512AF1C9054CD002658FB /* Sources */ = {
			isa = PBXSourcesBuildPhase;
			buildActionMask = 2147483647;
			files = (
				4A9512EB1C90591D002658FB /* SCRootNavigationViewController.m in Sources */,
				4A9512BE1C9054CD002658FB /* ViewController.m in Sources */,
				4AA536A31C9542B6007D5AB8 /* SCNewsTableViewCell.m in Sources */,
				4A7287221C91A9A6005581F3 /* WMLoopView.m in Sources */,
				DDD0F7581C912A7600F81EBF /* SCHotViewController.m in Sources */,
				4A9512BB1C9054CD002658FB /* AppDelegate.m in Sources */,
				4A72871C1C91A7A5005581F3 /* YDHotTableViewCell.m in Sources */,
				4A9512EE1C905969002658FB /* SCRootBarViewController.m in Sources */,
				4A9512B81C9054CD002658FB /* main.m in Sources */,
				DDD0F7601C9150BE00F81EBF /* ORColorUtil.m in Sources */,
				4A9513011C90659B002658FB /* SCHomeViewController.m in Sources */,
				4A72871F1C91A82D005581F3 /* SCNewsTableViewController.m in Sources */,
			);
			runOnlyForDeploymentPostprocessing = 0;
		};
		4A9512C81C9054CD002658FB /* Sources */ = {
			isa = PBXSourcesBuildPhase;
			buildActionMask = 2147483647;
			files = (
				4A9512D11C9054CD002658FB /* scholarsTests.m in Sources */,
			);
			runOnlyForDeploymentPostprocessing = 0;
		};
		4A9512D31C9054CD002658FB /* Sources */ = {
			isa = PBXSourcesBuildPhase;
			buildActionMask = 2147483647;
			files = (
				4A9512DC1C9054CD002658FB /* scholarsUITests.m in Sources */,
			);
			runOnlyForDeploymentPostprocessing = 0;
		};
/* End PBXSourcesBuildPhase section */

/* Begin PBXTargetDependency section */
		4A9512CE1C9054CD002658FB /* PBXTargetDependency */ = {
			isa = PBXTargetDependency;
			target = 4A9512B21C9054CD002658FB /* scholars */;
			targetProxy = 4A9512CD1C9054CD002658FB /* PBXContainerItemProxy */;
		};
		4A9512D91C9054CD002658FB /* PBXTargetDependency */ = {
			isa = PBXTargetDependency;
			target = 4A9512B21C9054CD002658FB /* scholars */;
			targetProxy = 4A9512D81C9054CD002658FB /* PBXContainerItemProxy */;
		};
/* End PBXTargetDependency section */

/* Begin PBXVariantGroup section */
		4A9512BF1C9054CD002658FB /* Main.storyboard */ = {
			isa = PBXVariantGroup;
			children = (
				4A9512C01C9054CD002658FB /* Base */,
			);
			name = Main.storyboard;
			sourceTree = "<group>";
		};
		4A9512C41C9054CD002658FB /* LaunchScreen.storyboard */ = {
			isa = PBXVariantGroup;
			children = (
				4A9512C51C9054CD002658FB /* Base */,
			);
			name = LaunchScreen.storyboard;
			sourceTree = "<group>";
		};
/* End PBXVariantGroup section */

/* Begin XCBuildConfiguration section */
		4A9512DE1C9054CD002658FB /* Debug */ = {
			isa = XCBuildConfiguration;
			buildSettings = {
				ALWAYS_SEARCH_USER_PATHS = NO;
				CLANG_CXX_LANGUAGE_STANDARD = "gnu++0x";
				CLANG_CXX_LIBRARY = "libc++";
				CLANG_ENABLE_MODULES = YES;
				CLANG_ENABLE_OBJC_ARC = YES;
				CLANG_WARN_BOOL_CONVERSION = YES;
				CLANG_WARN_CONSTANT_CONVERSION = YES;
				CLANG_WARN_DIRECT_OBJC_ISA_USAGE = YES_ERROR;
				CLANG_WARN_EMPTY_BODY = YES;
				CLANG_WARN_ENUM_CONVERSION = YES;
				CLANG_WARN_INT_CONVERSION = YES;
				CLANG_WARN_OBJC_ROOT_CLASS = YES_ERROR;
				CLANG_WARN_UNREACHABLE_CODE = YES;
				CLANG_WARN__DUPLICATE_METHOD_MATCH = YES;
				"CODE_SIGN_IDENTITY[sdk=iphoneos*]" = "iPhone Developer";
				COPY_PHASE_STRIP = NO;
				DEBUG_INFORMATION_FORMAT = dwarf;
				ENABLE_STRICT_OBJC_MSGSEND = YES;
				ENABLE_TESTABILITY = YES;
				GCC_C_LANGUAGE_STANDARD = gnu99;
				GCC_DYNAMIC_NO_PIC = NO;
				GCC_NO_COMMON_BLOCKS = YES;
				GCC_OPTIMIZATION_LEVEL = 0;
				GCC_PREPROCESSOR_DEFINITIONS = (
					"DEBUG=1",
					"$(inherited)",
				);
				GCC_WARN_64_TO_32_BIT_CONVERSION = YES;
				GCC_WARN_ABOUT_RETURN_TYPE = YES_ERROR;
				GCC_WARN_UNDECLARED_SELECTOR = YES;
				GCC_WARN_UNINITIALIZED_AUTOS = YES_AGGRESSIVE;
				GCC_WARN_UNUSED_FUNCTION = YES;
				GCC_WARN_UNUSED_VARIABLE = YES;
				IPHONEOS_DEPLOYMENT_TARGET = 9.2;
				MTL_ENABLE_DEBUG_INFO = YES;
				ONLY_ACTIVE_ARCH = YES;
				SDKROOT = iphoneos;
			};
			name = Debug;
		};
		4A9512DF1C9054CD002658FB /* Release */ = {
			isa = XCBuildConfiguration;
			buildSettings = {
				ALWAYS_SEARCH_USER_PATHS = NO;
				CLANG_CXX_LANGUAGE_STANDARD = "gnu++0x";
				CLANG_CXX_LIBRARY = "libc++";
				CLANG_ENABLE_MODULES = YES;
				CLANG_ENABLE_OBJC_ARC = YES;
				CLANG_WARN_BOOL_CONVERSION = YES;
				CLANG_WARN_CONSTANT_CONVERSION = YES;
				CLANG_WARN_DIRECT_OBJC_ISA_USAGE = YES_ERROR;
				CLANG_WARN_EMPTY_BODY = YES;
				CLANG_WARN_ENUM_CONVERSION = YES;
				CLANG_WARN_INT_CONVERSION = YES;
				CLANG_WARN_OBJC_ROOT_CLASS = YES_ERROR;
				CLANG_WARN_UNREACHABLE_CODE = YES;
				CLANG_WARN__DUPLICATE_METHOD_MATCH = YES;
				"CODE_SIGN_IDENTITY[sdk=iphoneos*]" = "iPhone Developer";
				COPY_PHASE_STRIP = NO;
				DEBUG_INFORMATION_FORMAT = "dwarf-with-dsym";
				ENABLE_NS_ASSERTIONS = NO;
				ENABLE_STRICT_OBJC_MSGSEND = YES;
				GCC_C_LANGUAGE_STANDARD = gnu99;
				GCC_NO_COMMON_BLOCKS = YES;
				GCC_WARN_64_TO_32_BIT_CONVERSION = YES;
				GCC_WARN_ABOUT_RETURN_TYPE = YES_ERROR;
				GCC_WARN_UNDECLARED_SELECTOR = YES;
				GCC_WARN_UNINITIALIZED_AUTOS = YES_AGGRESSIVE;
				GCC_WARN_UNUSED_FUNCTION = YES;
				GCC_WARN_UNUSED_VARIABLE = YES;
				IPHONEOS_DEPLOYMENT_TARGET = 9.2;
				MTL_ENABLE_DEBUG_INFO = NO;
				SDKROOT = iphoneos;
				VALIDATE_PRODUCT = YES;
			};
			name = Release;
		};
		4A9512E11C9054CD002658FB /* Debug */ = {
			isa = XCBuildConfiguration;
			baseConfigurationReference = CCEED669B0F500150937771F /* Pods.debug.xcconfig */;
			buildSettings = {
				ASSETCATALOG_COMPILER_APPICON_NAME = AppIcon;
				INFOPLIST_FILE = scholars/Info.plist;
				IPHONEOS_DEPLOYMENT_TARGET = 7.0;
				LD_RUNPATH_SEARCH_PATHS = "$(inherited) @executable_path/Frameworks";
				PRODUCT_BUNDLE_IDENTIFIER = Xiong.scholars;
				PRODUCT_NAME = "$(TARGET_NAME)";
			};
			name = Debug;
		};
		4A9512E21C9054CD002658FB /* Release */ = {
			isa = XCBuildConfiguration;
			baseConfigurationReference = C7A0347DB6C9F51FCD74CB16 /* Pods.release.xcconfig */;
			buildSettings = {
				ASSETCATALOG_COMPILER_APPICON_NAME = AppIcon;
				INFOPLIST_FILE = scholars/Info.plist;
				IPHONEOS_DEPLOYMENT_TARGET = 7.0;
				LD_RUNPATH_SEARCH_PATHS = "$(inherited) @executable_path/Frameworks";
				PRODUCT_BUNDLE_IDENTIFIER = Xiong.scholars;
				PRODUCT_NAME = "$(TARGET_NAME)";
			};
			name = Release;
		};
		4A9512E41C9054CD002658FB /* Debug */ = {
			isa = XCBuildConfiguration;
			buildSettings = {
				BUNDLE_LOADER = "$(TEST_HOST)";
				INFOPLIST_FILE = scholarsTests/Info.plist;
				LD_RUNPATH_SEARCH_PATHS = "$(inherited) @executable_path/Frameworks @loader_path/Frameworks";
				PRODUCT_BUNDLE_IDENTIFIER = Xiong.scholarsTests;
				PRODUCT_NAME = "$(TARGET_NAME)";
				TEST_HOST = "$(BUILT_PRODUCTS_DIR)/scholars.app/scholars";
			};
			name = Debug;
		};
		4A9512E51C9054CD002658FB /* Release */ = {
			isa = XCBuildConfiguration;
			buildSettings = {
				BUNDLE_LOADER = "$(TEST_HOST)";
				INFOPLIST_FILE = scholarsTests/Info.plist;
				LD_RUNPATH_SEARCH_PATHS = "$(inherited) @executable_path/Frameworks @loader_path/Frameworks";
				PRODUCT_BUNDLE_IDENTIFIER = Xiong.scholarsTests;
				PRODUCT_NAME = "$(TARGET_NAME)";
				TEST_HOST = "$(BUILT_PRODUCTS_DIR)/scholars.app/scholars";
			};
			name = Release;
		};
		4A9512E71C9054CD002658FB /* Debug */ = {
			isa = XCBuildConfiguration;
			buildSettings = {
				INFOPLIST_FILE = scholarsUITests/Info.plist;
				LD_RUNPATH_SEARCH_PATHS = "$(inherited) @executable_path/Frameworks @loader_path/Frameworks";
				PRODUCT_BUNDLE_IDENTIFIER = Xiong.scholarsUITests;
				PRODUCT_NAME = "$(TARGET_NAME)";
				TEST_TARGET_NAME = scholars;
				USES_XCTRUNNER = YES;
			};
			name = Debug;
		};
		4A9512E81C9054CD002658FB /* Release */ = {
			isa = XCBuildConfiguration;
			buildSettings = {
				INFOPLIST_FILE = scholarsUITests/Info.plist;
				LD_RUNPATH_SEARCH_PATHS = "$(inherited) @executable_path/Frameworks @loader_path/Frameworks";
				PRODUCT_BUNDLE_IDENTIFIER = Xiong.scholarsUITests;
				PRODUCT_NAME = "$(TARGET_NAME)";
				TEST_TARGET_NAME = scholars;
				USES_XCTRUNNER = YES;
			};
			name = Release;
		};
/* End XCBuildConfiguration section */

/* Begin XCConfigurationList section */
		4A9512AE1C9054CD002658FB /* Build configuration list for PBXProject "scholars" */ = {
			isa = XCConfigurationList;
			buildConfigurations = (
				4A9512DE1C9054CD002658FB /* Debug */,
				4A9512DF1C9054CD002658FB /* Release */,
			);
			defaultConfigurationIsVisible = 0;
			defaultConfigurationName = Release;
		};
		4A9512E01C9054CD002658FB /* Build configuration list for PBXNativeTarget "scholars" */ = {
			isa = XCConfigurationList;
			buildConfigurations = (
				4A9512E11C9054CD002658FB /* Debug */,
				4A9512E21C9054CD002658FB /* Release */,
			);
			defaultConfigurationIsVisible = 0;
			defaultConfigurationName = Release;
		};
		4A9512E31C9054CD002658FB /* Build configuration list for PBXNativeTarget "scholarsTests" */ = {
			isa = XCConfigurationList;
			buildConfigurations = (
				4A9512E41C9054CD002658FB /* Debug */,
				4A9512E51C9054CD002658FB /* Release */,
			);
			defaultConfigurationIsVisible = 0;
			defaultConfigurationName = Release;
		};
		4A9512E61C9054CD002658FB /* Build configuration list for PBXNativeTarget "scholarsUITests" */ = {
			isa = XCConfigurationList;
			buildConfigurations = (
				4A9512E71C9054CD002658FB /* Debug */,
				4A9512E81C9054CD002658FB /* Release */,
			);
			defaultConfigurationIsVisible = 0;
			defaultConfigurationName = Release;
		};
/* End XCConfigurationList section */
	};
	rootObject = 4A9512AB1C9054CD002658FB /* Project object */;
}
